
Microsoft Visual Studio Solution File, Format Version 12.00
# Visual Studio Version 16
VisualStudioVersion = 16.0.30114.105
MinimumVisualStudioVersion = 10.0.40219.1
Project("{FAE04EC0-301F-11D3-BF4B-00C04F79EFBC}") = "Kujikatsu099", "Kujikatsu099\Kujikatsu099\Kujikatsu099.csproj", "{10407337-3BBA-4417-8993-BFE7A2C937C0}"
EndProject
Project("{FAE04EC0-301F-11D3-BF4B-00C04F79EFBC}") = "Kujikatsu099.Test", "Kujikatsu099\Kujikatsu099.Test\Kujikatsu099.Test.csproj", "{06FF1823-A01E-4323-B04A-6E0C8D121FF4}"
EndProject
Global
	GlobalSection(SolutionConfigurationPlatforms) = preSolution
		Debug|Any CPU = Debug|Any CPU
		Release|Any CPU = Release|Any CPU
	EndGlobalSection
	GlobalSection(ProjectConfigurationPlatforms) = postSolution
		{10407337-3BBA-4417-8993-BFE7A2C937C0}.Debug|Any CPU.ActiveCfg = Debug|Any CPU
		{10407337-3BBA-4417-8993-BFE7A2C937C0}.Debug|Any CPU.Build.0 = Debug|Any CPU
		{10407337-3BBA-4417-8993-BFE7A2C937C0}.Release|Any CPU.ActiveCfg = Release|Any CPU
		{10407337-3BBA-4417-8993-BFE7A2C937C0}.Release|Any CPU.Build.0 = Release|Any CPU
		{06FF1823-A01E-4323-B04A-6E0C8D121FF4}.Debug|Any CPU.ActiveCfg = Debug|Any CPU
		{06FF1823-A01E-4323-B04A-6E0C8D121FF4}.Debug|Any CPU.Build.0 = Debug|Any CPU
		{06FF1823-A01E-4323-B04A-6E0C8D121FF4}.Release|Any CPU.ActiveCfg = Release|Any CPU
		{06FF1823-A01E-4323-B04A-6E0C8D121FF4}.Release|Any CPU.Build.0 = Release|Any CPU
	EndGlobalSection
	GlobalSection(SolutionProperties) = preSolution
		HideSolutionNode = FALSE
	EndGlobalSection
	GlobalSection(ExtensibilityGlobals) = postSolution
		SolutionGuid = {188B4577-5EBE-48F1-9CFF-E2F4C1D545CF}
	EndGlobalSection
EndGlobal
