
Microsoft Visual Studio Solution File, Format Version 12.00
# Visual Studio Version 16
VisualStudioVersion = 16.0.30114.105
MinimumVisualStudioVersion = 10.0.40219.1
Project("{FAE04EC0-301F-11D3-BF4B-00C04F79EFBC}") = "Kujikastu034", "Kujikastu034\Kujikastu034\Kujikastu034.csproj", "{04AAAA5F-EDCC-4148-9885-3B3625D44ABE}"
EndProject
Project("{FAE04EC0-301F-11D3-BF4B-00C04F79EFBC}") = "Kujikastu034.Test", "Kujikastu034\Kujikastu034.Test\Kujikastu034.Test.csproj", "{DE4DC7E8-DDF7-4F02-8B46-9CB6450B49B1}"
EndProject
Global
	GlobalSection(SolutionConfigurationPlatforms) = preSolution
		Debug|Any CPU = Debug|Any CPU
		Release|Any CPU = Release|Any CPU
	EndGlobalSection
	GlobalSection(ProjectConfigurationPlatforms) = postSolution
		{04AAAA5F-EDCC-4148-9885-3B3625D44ABE}.Debug|Any CPU.ActiveCfg = Debug|Any CPU
		{04AAAA5F-EDCC-4148-9885-3B3625D44ABE}.Debug|Any CPU.Build.0 = Debug|Any CPU
		{04AAAA5F-EDCC-4148-9885-3B3625D44ABE}.Release|Any CPU.ActiveCfg = Release|Any CPU
		{04AAAA5F-EDCC-4148-9885-3B3625D44ABE}.Release|Any CPU.Build.0 = Release|Any CPU
		{DE4DC7E8-DDF7-4F02-8B46-9CB6450B49B1}.Debug|Any CPU.ActiveCfg = Debug|Any CPU
		{DE4DC7E8-DDF7-4F02-8B46-9CB6450B49B1}.Debug|Any CPU.Build.0 = Debug|Any CPU
		{DE4DC7E8-DDF7-4F02-8B46-9CB6450B49B1}.Release|Any CPU.ActiveCfg = Release|Any CPU
		{DE4DC7E8-DDF7-4F02-8B46-9CB6450B49B1}.Release|Any CPU.Build.0 = Release|Any CPU
	EndGlobalSection
	GlobalSection(SolutionProperties) = preSolution
		HideSolutionNode = FALSE
	EndGlobalSection
	GlobalSection(ExtensibilityGlobals) = postSolution
		SolutionGuid = {0602EC7A-5C8B-4936-81BD-38311223DCCD}
	EndGlobalSection
EndGlobal
