
Microsoft Visual Studio Solution File, Format Version 12.00
# Visual Studio Version 16
VisualStudioVersion = 16.0.30114.105
MinimumVisualStudioVersion = 10.0.40219.1
Project("{FAE04EC0-301F-11D3-BF4B-00C04F79EFBC}") = "Training20200610", "Training20200610\Training20200610\Training20200610.csproj", "{237F684B-77BD-4949-907A-1A973F0E826C}"
EndProject
Project("{FAE04EC0-301F-11D3-BF4B-00C04F79EFBC}") = "Training20200610.Test", "Training20200610\Training20200610.Test\Training20200610.Test.csproj", "{76299AB0-6553-4A7D-A33F-8C13BFF4F8C8}"
EndProject
Global
	GlobalSection(SolutionConfigurationPlatforms) = preSolution
		Debug|Any CPU = Debug|Any CPU
		Release|Any CPU = Release|Any CPU
	EndGlobalSection
	GlobalSection(ProjectConfigurationPlatforms) = postSolution
		{237F684B-77BD-4949-907A-1A973F0E826C}.Debug|Any CPU.ActiveCfg = Debug|Any CPU
		{237F684B-77BD-4949-907A-1A973F0E826C}.Debug|Any CPU.Build.0 = Debug|Any CPU
		{237F684B-77BD-4949-907A-1A973F0E826C}.Release|Any CPU.ActiveCfg = Release|Any CPU
		{237F684B-77BD-4949-907A-1A973F0E826C}.Release|Any CPU.Build.0 = Release|Any CPU
		{76299AB0-6553-4A7D-A33F-8C13BFF4F8C8}.Debug|Any CPU.ActiveCfg = Debug|Any CPU
		{76299AB0-6553-4A7D-A33F-8C13BFF4F8C8}.Debug|Any CPU.Build.0 = Debug|Any CPU
		{76299AB0-6553-4A7D-A33F-8C13BFF4F8C8}.Release|Any CPU.ActiveCfg = Release|Any CPU
		{76299AB0-6553-4A7D-A33F-8C13BFF4F8C8}.Release|Any CPU.Build.0 = Release|Any CPU
	EndGlobalSection
	GlobalSection(SolutionProperties) = preSolution
		HideSolutionNode = FALSE
	EndGlobalSection
	GlobalSection(ExtensibilityGlobals) = postSolution
		SolutionGuid = {3CB49FFD-C5D9-4A9A-90CE-DCCE54D7B061}
	EndGlobalSection
EndGlobal
