
Microsoft Visual Studio Solution File, Format Version 12.00
# Visual Studio Version 16
VisualStudioVersion = 16.0.30114.105
MinimumVisualStudioVersion = 10.0.40219.1
Project("{FAE04EC0-301F-11D3-BF4B-00C04F79EFBC}") = "Kujikatsu001", "Kujikatsu001\Kujikatsu001\Kujikatsu001.csproj", "{09037C6D-00AA-454D-9E2C-BAF896731EBB}"
EndProject
Project("{FAE04EC0-301F-11D3-BF4B-00C04F79EFBC}") = "Kujikatsu001.Test", "Kujikatsu001\Kujikatsu001.Test\Kujikatsu001.Test.csproj", "{36DDC34C-E1DB-430A-ADCF-8D3625E55DF9}"
EndProject
Global
	GlobalSection(SolutionConfigurationPlatforms) = preSolution
		Debug|Any CPU = Debug|Any CPU
		Release|Any CPU = Release|Any CPU
	EndGlobalSection
	GlobalSection(ProjectConfigurationPlatforms) = postSolution
		{09037C6D-00AA-454D-9E2C-BAF896731EBB}.Debug|Any CPU.ActiveCfg = Debug|Any CPU
		{09037C6D-00AA-454D-9E2C-BAF896731EBB}.Debug|Any CPU.Build.0 = Debug|Any CPU
		{09037C6D-00AA-454D-9E2C-BAF896731EBB}.Release|Any CPU.ActiveCfg = Release|Any CPU
		{09037C6D-00AA-454D-9E2C-BAF896731EBB}.Release|Any CPU.Build.0 = Release|Any CPU
		{36DDC34C-E1DB-430A-ADCF-8D3625E55DF9}.Debug|Any CPU.ActiveCfg = Debug|Any CPU
		{36DDC34C-E1DB-430A-ADCF-8D3625E55DF9}.Debug|Any CPU.Build.0 = Debug|Any CPU
		{36DDC34C-E1DB-430A-ADCF-8D3625E55DF9}.Release|Any CPU.ActiveCfg = Release|Any CPU
		{36DDC34C-E1DB-430A-ADCF-8D3625E55DF9}.Release|Any CPU.Build.0 = Release|Any CPU
	EndGlobalSection
	GlobalSection(SolutionProperties) = preSolution
		HideSolutionNode = FALSE
	EndGlobalSection
	GlobalSection(ExtensibilityGlobals) = postSolution
		SolutionGuid = {0714481E-ECC9-4C6B-B54D-0EE1DAFD0DB6}
	EndGlobalSection
EndGlobal
