
Microsoft Visual Studio Solution File, Format Version 12.00
# Visual Studio Version 16
VisualStudioVersion = 16.0.30011.22
MinimumVisualStudioVersion = 10.0.40219.1
Project("{FAE04EC0-301F-11D3-BF4B-00C04F79EFBC}") = "AtCoderBeginnerContest166", "AtCoderBeginnerContest166\AtCoderBeginnerContest166\AtCoderBeginnerContest166.csproj", "{38EBDE0D-B951-44CC-B40C-A439CF22799B}"
EndProject
Project("{FAE04EC0-301F-11D3-BF4B-00C04F79EFBC}") = "AtCoderBeginnerContest166.Test", "AtCoderBeginnerContest166\AtCoderBeginnerContest166.Test\AtCoderBeginnerContest166.Test.csproj", "{EA854EF5-46F8-449C-848A-C23976FF8EF0}"
EndProject
Global
	GlobalSection(SolutionConfigurationPlatforms) = preSolution
		Debug|Any CPU = Debug|Any CPU
		Release|Any CPU = Release|Any CPU
	EndGlobalSection
	GlobalSection(ProjectConfigurationPlatforms) = postSolution
		{38EBDE0D-B951-44CC-B40C-A439CF22799B}.Debug|Any CPU.ActiveCfg = Debug|Any CPU
		{38EBDE0D-B951-44CC-B40C-A439CF22799B}.Debug|Any CPU.Build.0 = Debug|Any CPU
		{38EBDE0D-B951-44CC-B40C-A439CF22799B}.Release|Any CPU.ActiveCfg = Release|Any CPU
		{38EBDE0D-B951-44CC-B40C-A439CF22799B}.Release|Any CPU.Build.0 = Release|Any CPU
		{EA854EF5-46F8-449C-848A-C23976FF8EF0}.Debug|Any CPU.ActiveCfg = Debug|Any CPU
		{EA854EF5-46F8-449C-848A-C23976FF8EF0}.Debug|Any CPU.Build.0 = Debug|Any CPU
		{EA854EF5-46F8-449C-848A-C23976FF8EF0}.Release|Any CPU.ActiveCfg = Release|Any CPU
		{EA854EF5-46F8-449C-848A-C23976FF8EF0}.Release|Any CPU.Build.0 = Release|Any CPU
	EndGlobalSection
	GlobalSection(SolutionProperties) = preSolution
		HideSolutionNode = FALSE
	EndGlobalSection
	GlobalSection(ExtensibilityGlobals) = postSolution
		SolutionGuid = {F81D5626-E0B3-417B-9A18-ED363DDB7F68}
	EndGlobalSection
EndGlobal
