
Microsoft Visual Studio Solution File, Format Version 12.00
# Visual Studio Version 16
VisualStudioVersion = 16.0.30114.105
MinimumVisualStudioVersion = 10.0.40219.1
Project("{FAE04EC0-301F-11D3-BF4B-00C04F79EFBC}") = "AtCoderBeginnerContest178", "AtCoderBeginnerContest178\AtCoderBeginnerContest178\AtCoderBeginnerContest178.csproj", "{51ACBC69-5BB6-4570-818F-F08ADB142BE0}"
EndProject
Project("{FAE04EC0-301F-11D3-BF4B-00C04F79EFBC}") = "AtCoderBeginnerContest178.Test", "AtCoderBeginnerContest178\AtCoderBeginnerContest178.Test\AtCoderBeginnerContest178.Test.csproj", "{5B639388-0134-4C98-A7AF-B7BDE0A839C9}"
EndProject
Global
	GlobalSection(SolutionConfigurationPlatforms) = preSolution
		Debug|Any CPU = Debug|Any CPU
		Release|Any CPU = Release|Any CPU
	EndGlobalSection
	GlobalSection(ProjectConfigurationPlatforms) = postSolution
		{51ACBC69-5BB6-4570-818F-F08ADB142BE0}.Debug|Any CPU.ActiveCfg = Debug|Any CPU
		{51ACBC69-5BB6-4570-818F-F08ADB142BE0}.Debug|Any CPU.Build.0 = Debug|Any CPU
		{51ACBC69-5BB6-4570-818F-F08ADB142BE0}.Release|Any CPU.ActiveCfg = Release|Any CPU
		{51ACBC69-5BB6-4570-818F-F08ADB142BE0}.Release|Any CPU.Build.0 = Release|Any CPU
		{5B639388-0134-4C98-A7AF-B7BDE0A839C9}.Debug|Any CPU.ActiveCfg = Debug|Any CPU
		{5B639388-0134-4C98-A7AF-B7BDE0A839C9}.Debug|Any CPU.Build.0 = Debug|Any CPU
		{5B639388-0134-4C98-A7AF-B7BDE0A839C9}.Release|Any CPU.ActiveCfg = Release|Any CPU
		{5B639388-0134-4C98-A7AF-B7BDE0A839C9}.Release|Any CPU.Build.0 = Release|Any CPU
	EndGlobalSection
	GlobalSection(SolutionProperties) = preSolution
		HideSolutionNode = FALSE
	EndGlobalSection
	GlobalSection(ExtensibilityGlobals) = postSolution
		SolutionGuid = {5189861B-03FD-46E9-B181-1A5F7A10763F}
	EndGlobalSection
EndGlobal
