
Microsoft Visual Studio Solution File, Format Version 12.00
# Visual Studio Version 16
VisualStudioVersion = 16.0.30114.105
MinimumVisualStudioVersion = 10.0.40219.1
Project("{FAE04EC0-301F-11D3-BF4B-00C04F79EFBC}") = "ForciaVirtualContest014", "ForciaVirtualContest014\ForciaVirtualContest014\ForciaVirtualContest014.csproj", "{A9165BC9-5A48-4AFC-8A13-759F38E6B619}"
EndProject
Project("{FAE04EC0-301F-11D3-BF4B-00C04F79EFBC}") = "ForciaVirtualContest014.Test", "ForciaVirtualContest014\ForciaVirtualContest014.Test\ForciaVirtualContest014.Test.csproj", "{13BF4F30-964C-41A7-BA9E-B4BE203DD3C1}"
EndProject
Global
	GlobalSection(SolutionConfigurationPlatforms) = preSolution
		Debug|Any CPU = Debug|Any CPU
		Release|Any CPU = Release|Any CPU
	EndGlobalSection
	GlobalSection(ProjectConfigurationPlatforms) = postSolution
		{A9165BC9-5A48-4AFC-8A13-759F38E6B619}.Debug|Any CPU.ActiveCfg = Debug|Any CPU
		{A9165BC9-5A48-4AFC-8A13-759F38E6B619}.Debug|Any CPU.Build.0 = Debug|Any CPU
		{A9165BC9-5A48-4AFC-8A13-759F38E6B619}.Release|Any CPU.ActiveCfg = Release|Any CPU
		{A9165BC9-5A48-4AFC-8A13-759F38E6B619}.Release|Any CPU.Build.0 = Release|Any CPU
		{13BF4F30-964C-41A7-BA9E-B4BE203DD3C1}.Debug|Any CPU.ActiveCfg = Debug|Any CPU
		{13BF4F30-964C-41A7-BA9E-B4BE203DD3C1}.Debug|Any CPU.Build.0 = Debug|Any CPU
		{13BF4F30-964C-41A7-BA9E-B4BE203DD3C1}.Release|Any CPU.ActiveCfg = Release|Any CPU
		{13BF4F30-964C-41A7-BA9E-B4BE203DD3C1}.Release|Any CPU.Build.0 = Release|Any CPU
	EndGlobalSection
	GlobalSection(SolutionProperties) = preSolution
		HideSolutionNode = FALSE
	EndGlobalSection
	GlobalSection(ExtensibilityGlobals) = postSolution
		SolutionGuid = {E73E1710-0214-4A42-B6F5-84D1498D60CF}
	EndGlobalSection
EndGlobal
