
Microsoft Visual Studio Solution File, Format Version 12.00
# Visual Studio Version 16
VisualStudioVersion = 16.0.30114.105
MinimumVisualStudioVersion = 10.0.40219.1
Project("{FAE04EC0-301F-11D3-BF4B-00C04F79EFBC}") = "AtCoderGrandContest047", "AtCoderGrandContest047\AtCoderGrandContest047\AtCoderGrandContest047.csproj", "{D7692F83-8BDA-403E-BBC8-0AB4AC2EC944}"
EndProject
Project("{FAE04EC0-301F-11D3-BF4B-00C04F79EFBC}") = "AtCoderGrandContest047.Test", "AtCoderGrandContest047\AtCoderGrandContest047.Test\AtCoderGrandContest047.Test.csproj", "{FD63C8F3-2CFA-4B37-8592-7FA357882259}"
EndProject
Project("{FAE04EC0-301F-11D3-BF4B-00C04F79EFBC}") = "AGC047Debugger", "AGC047Debugger\AGC047Debugger.csproj", "{9576ED6C-9177-47A0-B70B-0B4EB1D2877F}"
EndProject
Global
	GlobalSection(SolutionConfigurationPlatforms) = preSolution
		Debug|Any CPU = Debug|Any CPU
		Release|Any CPU = Release|Any CPU
	EndGlobalSection
	GlobalSection(ProjectConfigurationPlatforms) = postSolution
		{D7692F83-8BDA-403E-BBC8-0AB4AC2EC944}.Debug|Any CPU.ActiveCfg = Debug|Any CPU
		{D7692F83-8BDA-403E-BBC8-0AB4AC2EC944}.Debug|Any CPU.Build.0 = Debug|Any CPU
		{D7692F83-8BDA-403E-BBC8-0AB4AC2EC944}.Release|Any CPU.ActiveCfg = Release|Any CPU
		{D7692F83-8BDA-403E-BBC8-0AB4AC2EC944}.Release|Any CPU.Build.0 = Release|Any CPU
		{FD63C8F3-2CFA-4B37-8592-7FA357882259}.Debug|Any CPU.ActiveCfg = Debug|Any CPU
		{FD63C8F3-2CFA-4B37-8592-7FA357882259}.Debug|Any CPU.Build.0 = Debug|Any CPU
		{FD63C8F3-2CFA-4B37-8592-7FA357882259}.Release|Any CPU.ActiveCfg = Release|Any CPU
		{FD63C8F3-2CFA-4B37-8592-7FA357882259}.Release|Any CPU.Build.0 = Release|Any CPU
		{9576ED6C-9177-47A0-B70B-0B4EB1D2877F}.Debug|Any CPU.ActiveCfg = Debug|Any CPU
		{9576ED6C-9177-47A0-B70B-0B4EB1D2877F}.Debug|Any CPU.Build.0 = Debug|Any CPU
		{9576ED6C-9177-47A0-B70B-0B4EB1D2877F}.Release|Any CPU.ActiveCfg = Release|Any CPU
		{9576ED6C-9177-47A0-B70B-0B4EB1D2877F}.Release|Any CPU.Build.0 = Release|Any CPU
	EndGlobalSection
	GlobalSection(SolutionProperties) = preSolution
		HideSolutionNode = FALSE
	EndGlobalSection
	GlobalSection(ExtensibilityGlobals) = postSolution
		SolutionGuid = {49A757F8-B2B6-40EF-A8E9-BF45BF9CC653}
	EndGlobalSection
EndGlobal
