
Microsoft Visual Studio Solution File, Format Version 12.00
# Visual Studio Version 16
VisualStudioVersion = 16.0.30114.105
MinimumVisualStudioVersion = 10.0.40219.1
Project("{FAE04EC0-301F-11D3-BF4B-00C04F79EFBC}") = "Training20200530", "Training20200530\Training20200530\Training20200530.csproj", "{D1C0C4E4-2DC2-4785-A270-E253AE42E5A8}"
EndProject
Project("{FAE04EC0-301F-11D3-BF4B-00C04F79EFBC}") = "Training20200530.Test", "Training20200530\Training20200530.Test\Training20200530.Test.csproj", "{05FD41FC-5934-4CDF-97AC-B2403CA055C2}"
EndProject
Global
	GlobalSection(SolutionConfigurationPlatforms) = preSolution
		Debug|Any CPU = Debug|Any CPU
		Release|Any CPU = Release|Any CPU
	EndGlobalSection
	GlobalSection(ProjectConfigurationPlatforms) = postSolution
		{D1C0C4E4-2DC2-4785-A270-E253AE42E5A8}.Debug|Any CPU.ActiveCfg = Debug|Any CPU
		{D1C0C4E4-2DC2-4785-A270-E253AE42E5A8}.Debug|Any CPU.Build.0 = Debug|Any CPU
		{D1C0C4E4-2DC2-4785-A270-E253AE42E5A8}.Release|Any CPU.ActiveCfg = Release|Any CPU
		{D1C0C4E4-2DC2-4785-A270-E253AE42E5A8}.Release|Any CPU.Build.0 = Release|Any CPU
		{05FD41FC-5934-4CDF-97AC-B2403CA055C2}.Debug|Any CPU.ActiveCfg = Debug|Any CPU
		{05FD41FC-5934-4CDF-97AC-B2403CA055C2}.Debug|Any CPU.Build.0 = Debug|Any CPU
		{05FD41FC-5934-4CDF-97AC-B2403CA055C2}.Release|Any CPU.ActiveCfg = Release|Any CPU
		{05FD41FC-5934-4CDF-97AC-B2403CA055C2}.Release|Any CPU.Build.0 = Release|Any CPU
	EndGlobalSection
	GlobalSection(SolutionProperties) = preSolution
		HideSolutionNode = FALSE
	EndGlobalSection
	GlobalSection(ExtensibilityGlobals) = postSolution
		SolutionGuid = {22F3EF8F-9913-4C61-9910-BBAECC3B1914}
	EndGlobalSection
EndGlobal
