
Microsoft Visual Studio Solution File, Format Version 12.00
# Visual Studio Version 16
VisualStudioVersion = 16.0.30114.105
MinimumVisualStudioVersion = 10.0.40219.1
Project("{FAE04EC0-301F-11D3-BF4B-00C04F79EFBC}") = "Training20200907", "Training20200907\Training20200907\Training20200907.csproj", "{2403ADF8-35ED-4B58-A463-9AF445407575}"
EndProject
Project("{FAE04EC0-301F-11D3-BF4B-00C04F79EFBC}") = "Training20200907.Test", "Training20200907\Training20200907.Test\Training20200907.Test.csproj", "{03EFE669-A2AC-4E5B-B45D-4A7596E99904}"
EndProject
Global
	GlobalSection(SolutionConfigurationPlatforms) = preSolution
		Debug|Any CPU = Debug|Any CPU
		Release|Any CPU = Release|Any CPU
	EndGlobalSection
	GlobalSection(ProjectConfigurationPlatforms) = postSolution
		{2403ADF8-35ED-4B58-A463-9AF445407575}.Debug|Any CPU.ActiveCfg = Debug|Any CPU
		{2403ADF8-35ED-4B58-A463-9AF445407575}.Debug|Any CPU.Build.0 = Debug|Any CPU
		{2403ADF8-35ED-4B58-A463-9AF445407575}.Release|Any CPU.ActiveCfg = Release|Any CPU
		{2403ADF8-35ED-4B58-A463-9AF445407575}.Release|Any CPU.Build.0 = Release|Any CPU
		{03EFE669-A2AC-4E5B-B45D-4A7596E99904}.Debug|Any CPU.ActiveCfg = Debug|Any CPU
		{03EFE669-A2AC-4E5B-B45D-4A7596E99904}.Debug|Any CPU.Build.0 = Debug|Any CPU
		{03EFE669-A2AC-4E5B-B45D-4A7596E99904}.Release|Any CPU.ActiveCfg = Release|Any CPU
		{03EFE669-A2AC-4E5B-B45D-4A7596E99904}.Release|Any CPU.Build.0 = Release|Any CPU
	EndGlobalSection
	GlobalSection(SolutionProperties) = preSolution
		HideSolutionNode = FALSE
	EndGlobalSection
	GlobalSection(ExtensibilityGlobals) = postSolution
		SolutionGuid = {A4753DD4-EE46-4CEC-B57C-E95CB6F8261F}
	EndGlobalSection
EndGlobal
