
Microsoft Visual Studio Solution File, Format Version 12.00
# Visual Studio Version 16
VisualStudioVersion = 16.0.30114.105
MinimumVisualStudioVersion = 10.0.40219.1
Project("{FAE04EC0-301F-11D3-BF4B-00C04F79EFBC}") = "Training20201005", "Training20201005\Training20201005\Training20201005.csproj", "{421DC722-18FC-4058-9190-EB268E7FEC04}"
EndProject
Project("{FAE04EC0-301F-11D3-BF4B-00C04F79EFBC}") = "Training20201005.Test", "Training20201005\Training20201005.Test\Training20201005.Test.csproj", "{08815C49-666D-4B6C-B231-1FE38DBED3BC}"
EndProject
Global
	GlobalSection(SolutionConfigurationPlatforms) = preSolution
		Debug|Any CPU = Debug|Any CPU
		Release|Any CPU = Release|Any CPU
	EndGlobalSection
	GlobalSection(ProjectConfigurationPlatforms) = postSolution
		{421DC722-18FC-4058-9190-EB268E7FEC04}.Debug|Any CPU.ActiveCfg = Debug|Any CPU
		{421DC722-18FC-4058-9190-EB268E7FEC04}.Debug|Any CPU.Build.0 = Debug|Any CPU
		{421DC722-18FC-4058-9190-EB268E7FEC04}.Release|Any CPU.ActiveCfg = Release|Any CPU
		{421DC722-18FC-4058-9190-EB268E7FEC04}.Release|Any CPU.Build.0 = Release|Any CPU
		{08815C49-666D-4B6C-B231-1FE38DBED3BC}.Debug|Any CPU.ActiveCfg = Debug|Any CPU
		{08815C49-666D-4B6C-B231-1FE38DBED3BC}.Debug|Any CPU.Build.0 = Debug|Any CPU
		{08815C49-666D-4B6C-B231-1FE38DBED3BC}.Release|Any CPU.ActiveCfg = Release|Any CPU
		{08815C49-666D-4B6C-B231-1FE38DBED3BC}.Release|Any CPU.Build.0 = Release|Any CPU
	EndGlobalSection
	GlobalSection(SolutionProperties) = preSolution
		HideSolutionNode = FALSE
	EndGlobalSection
	GlobalSection(ExtensibilityGlobals) = postSolution
		SolutionGuid = {02B855A0-7F74-4DA6-89A2-06955905C90D}
	EndGlobalSection
EndGlobal
