
Microsoft Visual Studio Solution File, Format Version 12.00
# Visual Studio Version 16
VisualStudioVersion = 16.0.30114.105
MinimumVisualStudioVersion = 10.0.40219.1
Project("{FAE04EC0-301F-11D3-BF4B-00C04F79EFBC}") = "Kujikatsu024", "Kujikatsu024\Kujikatsu024\Kujikatsu024.csproj", "{9CD275FA-E931-4B24-B65D-8C985EB2D5DE}"
EndProject
Project("{FAE04EC0-301F-11D3-BF4B-00C04F79EFBC}") = "Kujikatsu024.Test", "Kujikatsu024\Kujikatsu024.Test\Kujikatsu024.Test.csproj", "{89068B1C-DFF6-4D93-AE60-19789B4F140C}"
EndProject
Global
	GlobalSection(SolutionConfigurationPlatforms) = preSolution
		Debug|Any CPU = Debug|Any CPU
		Release|Any CPU = Release|Any CPU
	EndGlobalSection
	GlobalSection(ProjectConfigurationPlatforms) = postSolution
		{9CD275FA-E931-4B24-B65D-8C985EB2D5DE}.Debug|Any CPU.ActiveCfg = Debug|Any CPU
		{9CD275FA-E931-4B24-B65D-8C985EB2D5DE}.Debug|Any CPU.Build.0 = Debug|Any CPU
		{9CD275FA-E931-4B24-B65D-8C985EB2D5DE}.Release|Any CPU.ActiveCfg = Release|Any CPU
		{9CD275FA-E931-4B24-B65D-8C985EB2D5DE}.Release|Any CPU.Build.0 = Release|Any CPU
		{89068B1C-DFF6-4D93-AE60-19789B4F140C}.Debug|Any CPU.ActiveCfg = Debug|Any CPU
		{89068B1C-DFF6-4D93-AE60-19789B4F140C}.Debug|Any CPU.Build.0 = Debug|Any CPU
		{89068B1C-DFF6-4D93-AE60-19789B4F140C}.Release|Any CPU.ActiveCfg = Release|Any CPU
		{89068B1C-DFF6-4D93-AE60-19789B4F140C}.Release|Any CPU.Build.0 = Release|Any CPU
	EndGlobalSection
	GlobalSection(SolutionProperties) = preSolution
		HideSolutionNode = FALSE
	EndGlobalSection
	GlobalSection(ExtensibilityGlobals) = postSolution
		SolutionGuid = {184B5BFA-9F63-4A46-938A-3D24B16A1479}
	EndGlobalSection
EndGlobal
