
Microsoft Visual Studio Solution File, Format Version 12.00
# Visual Studio Version 16
VisualStudioVersion = 16.0.30320.27
MinimumVisualStudioVersion = 10.0.40219.1
Project("{FAE04EC0-301F-11D3-BF4B-00C04F79EFBC}") = "Training20200725", "Training20200725\Training20200725\Training20200725.csproj", "{F2B0D7E4-DBE2-4CB2-B26D-5AC24202EBC1}"
EndProject
Project("{FAE04EC0-301F-11D3-BF4B-00C04F79EFBC}") = "Training20200725.Test", "Training20200725\Training20200725.Test\Training20200725.Test.csproj", "{3237A638-6AF2-42A9-A066-11DB860FC167}"
EndProject
Global
	GlobalSection(SolutionConfigurationPlatforms) = preSolution
		Debug|Any CPU = Debug|Any CPU
		Release|Any CPU = Release|Any CPU
	EndGlobalSection
	GlobalSection(ProjectConfigurationPlatforms) = postSolution
		{F2B0D7E4-DBE2-4CB2-B26D-5AC24202EBC1}.Debug|Any CPU.ActiveCfg = Debug|Any CPU
		{F2B0D7E4-DBE2-4CB2-B26D-5AC24202EBC1}.Debug|Any CPU.Build.0 = Debug|Any CPU
		{F2B0D7E4-DBE2-4CB2-B26D-5AC24202EBC1}.Release|Any CPU.ActiveCfg = Release|Any CPU
		{F2B0D7E4-DBE2-4CB2-B26D-5AC24202EBC1}.Release|Any CPU.Build.0 = Release|Any CPU
		{3237A638-6AF2-42A9-A066-11DB860FC167}.Debug|Any CPU.ActiveCfg = Debug|Any CPU
		{3237A638-6AF2-42A9-A066-11DB860FC167}.Debug|Any CPU.Build.0 = Debug|Any CPU
		{3237A638-6AF2-42A9-A066-11DB860FC167}.Release|Any CPU.ActiveCfg = Release|Any CPU
		{3237A638-6AF2-42A9-A066-11DB860FC167}.Release|Any CPU.Build.0 = Release|Any CPU
	EndGlobalSection
	GlobalSection(SolutionProperties) = preSolution
		HideSolutionNode = FALSE
	EndGlobalSection
	GlobalSection(ExtensibilityGlobals) = postSolution
		SolutionGuid = {697F76B3-C30E-4F5B-B98D-470CC40CFCF1}
	EndGlobalSection
EndGlobal
