
Microsoft Visual Studio Solution File, Format Version 12.00
# Visual Studio Version 16
VisualStudioVersion = 16.0.30114.105
MinimumVisualStudioVersion = 10.0.40219.1
Project("{FAE04EC0-301F-11D3-BF4B-00C04F79EFBC}") = "AtCoderBeginnerContest176", "AtCoderBeginnerContest176\AtCoderBeginnerContest176\AtCoderBeginnerContest176.csproj", "{CF243156-9D04-48FD-82B8-9D1955D5EA15}"
EndProject
Project("{FAE04EC0-301F-11D3-BF4B-00C04F79EFBC}") = "AtCoderBeginnerContest176.Test", "AtCoderBeginnerContest176\AtCoderBeginnerContest176.Test\AtCoderBeginnerContest176.Test.csproj", "{8171A266-B3D9-40B2-BE56-DE545FE2827E}"
EndProject
Global
	GlobalSection(SolutionConfigurationPlatforms) = preSolution
		Debug|Any CPU = Debug|Any CPU
		Release|Any CPU = Release|Any CPU
	EndGlobalSection
	GlobalSection(ProjectConfigurationPlatforms) = postSolution
		{CF243156-9D04-48FD-82B8-9D1955D5EA15}.Debug|Any CPU.ActiveCfg = Debug|Any CPU
		{CF243156-9D04-48FD-82B8-9D1955D5EA15}.Debug|Any CPU.Build.0 = Debug|Any CPU
		{CF243156-9D04-48FD-82B8-9D1955D5EA15}.Release|Any CPU.ActiveCfg = Release|Any CPU
		{CF243156-9D04-48FD-82B8-9D1955D5EA15}.Release|Any CPU.Build.0 = Release|Any CPU
		{8171A266-B3D9-40B2-BE56-DE545FE2827E}.Debug|Any CPU.ActiveCfg = Debug|Any CPU
		{8171A266-B3D9-40B2-BE56-DE545FE2827E}.Debug|Any CPU.Build.0 = Debug|Any CPU
		{8171A266-B3D9-40B2-BE56-DE545FE2827E}.Release|Any CPU.ActiveCfg = Release|Any CPU
		{8171A266-B3D9-40B2-BE56-DE545FE2827E}.Release|Any CPU.Build.0 = Release|Any CPU
	EndGlobalSection
	GlobalSection(SolutionProperties) = preSolution
		HideSolutionNode = FALSE
	EndGlobalSection
	GlobalSection(ExtensibilityGlobals) = postSolution
		SolutionGuid = {70FA1D73-0CA7-41AA-8826-E4F02AA058EE}
	EndGlobalSection
EndGlobal
