
Microsoft Visual Studio Solution File, Format Version 12.00
# Visual Studio Version 16
VisualStudioVersion = 16.0.30114.105
MinimumVisualStudioVersion = 10.0.40219.1
Project("{FAE04EC0-301F-11D3-BF4B-00C04F79EFBC}") = "Training20200729", "Training20200729\Training20200729\Training20200729.csproj", "{759C0BED-972E-4AA1-8B0D-C69D35D52DDA}"
EndProject
Project("{FAE04EC0-301F-11D3-BF4B-00C04F79EFBC}") = "Training20200729.Test", "Training20200729\Training20200729.Test\Training20200729.Test.csproj", "{39CC0A17-E170-4928-BEC7-E03BB869036F}"
EndProject
Global
	GlobalSection(SolutionConfigurationPlatforms) = preSolution
		Debug|Any CPU = Debug|Any CPU
		Release|Any CPU = Release|Any CPU
	EndGlobalSection
	GlobalSection(ProjectConfigurationPlatforms) = postSolution
		{759C0BED-972E-4AA1-8B0D-C69D35D52DDA}.Debug|Any CPU.ActiveCfg = Debug|Any CPU
		{759C0BED-972E-4AA1-8B0D-C69D35D52DDA}.Debug|Any CPU.Build.0 = Debug|Any CPU
		{759C0BED-972E-4AA1-8B0D-C69D35D52DDA}.Release|Any CPU.ActiveCfg = Release|Any CPU
		{759C0BED-972E-4AA1-8B0D-C69D35D52DDA}.Release|Any CPU.Build.0 = Release|Any CPU
		{39CC0A17-E170-4928-BEC7-E03BB869036F}.Debug|Any CPU.ActiveCfg = Debug|Any CPU
		{39CC0A17-E170-4928-BEC7-E03BB869036F}.Debug|Any CPU.Build.0 = Debug|Any CPU
		{39CC0A17-E170-4928-BEC7-E03BB869036F}.Release|Any CPU.ActiveCfg = Release|Any CPU
		{39CC0A17-E170-4928-BEC7-E03BB869036F}.Release|Any CPU.Build.0 = Release|Any CPU
	EndGlobalSection
	GlobalSection(SolutionProperties) = preSolution
		HideSolutionNode = FALSE
	EndGlobalSection
	GlobalSection(ExtensibilityGlobals) = postSolution
		SolutionGuid = {B3B6E81F-69C0-4E9B-8A2F-16F592E35AC4}
	EndGlobalSection
EndGlobal
