
Microsoft Visual Studio Solution File, Format Version 12.00
# Visual Studio Version 16
VisualStudioVersion = 16.0.30114.105
MinimumVisualStudioVersion = 10.0.40219.1
Project("{FAE04EC0-301F-11D3-BF4B-00C04F79EFBC}") = "Training20200715", "Training20200715\Training20200715\Training20200715.csproj", "{ED09ADA3-B04D-4AE5-8035-1E60911C34F2}"
EndProject
Project("{FAE04EC0-301F-11D3-BF4B-00C04F79EFBC}") = "Training20200715.Test", "Training20200715\Training20200715.Test\Training20200715.Test.csproj", "{6A518DCB-7B34-4C50-89F7-4737EDCDF5C4}"
EndProject
Global
	GlobalSection(SolutionConfigurationPlatforms) = preSolution
		Debug|Any CPU = Debug|Any CPU
		Release|Any CPU = Release|Any CPU
	EndGlobalSection
	GlobalSection(ProjectConfigurationPlatforms) = postSolution
		{ED09ADA3-B04D-4AE5-8035-1E60911C34F2}.Debug|Any CPU.ActiveCfg = Debug|Any CPU
		{ED09ADA3-B04D-4AE5-8035-1E60911C34F2}.Debug|Any CPU.Build.0 = Debug|Any CPU
		{ED09ADA3-B04D-4AE5-8035-1E60911C34F2}.Release|Any CPU.ActiveCfg = Release|Any CPU
		{ED09ADA3-B04D-4AE5-8035-1E60911C34F2}.Release|Any CPU.Build.0 = Release|Any CPU
		{6A518DCB-7B34-4C50-89F7-4737EDCDF5C4}.Debug|Any CPU.ActiveCfg = Debug|Any CPU
		{6A518DCB-7B34-4C50-89F7-4737EDCDF5C4}.Debug|Any CPU.Build.0 = Debug|Any CPU
		{6A518DCB-7B34-4C50-89F7-4737EDCDF5C4}.Release|Any CPU.ActiveCfg = Release|Any CPU
		{6A518DCB-7B34-4C50-89F7-4737EDCDF5C4}.Release|Any CPU.Build.0 = Release|Any CPU
	EndGlobalSection
	GlobalSection(SolutionProperties) = preSolution
		HideSolutionNode = FALSE
	EndGlobalSection
	GlobalSection(ExtensibilityGlobals) = postSolution
		SolutionGuid = {D53CFF3C-003F-481D-B9B4-1013F8841DFD}
	EndGlobalSection
EndGlobal
