
Microsoft Visual Studio Solution File, Format Version 12.00
# Visual Studio Version 16
VisualStudioVersion = 16.0.30011.22
MinimumVisualStudioVersion = 10.0.40219.1
Project("{FAE04EC0-301F-11D3-BF4B-00C04F79EFBC}") = "Yorukatsu022", "Yorukatsu022\Yorukatsu022\Yorukatsu022.csproj", "{AF6FD634-3B97-4FE9-AF57-D10FD4DB14DC}"
EndProject
Project("{FAE04EC0-301F-11D3-BF4B-00C04F79EFBC}") = "Yorukatsu022.Test", "Yorukatsu022\Yorukatsu022.Test\Yorukatsu022.Test.csproj", "{7BF87DC4-B47B-4DFA-885B-F2D33C19D574}"
EndProject
Global
	GlobalSection(SolutionConfigurationPlatforms) = preSolution
		Debug|Any CPU = Debug|Any CPU
		Release|Any CPU = Release|Any CPU
	EndGlobalSection
	GlobalSection(ProjectConfigurationPlatforms) = postSolution
		{AF6FD634-3B97-4FE9-AF57-D10FD4DB14DC}.Debug|Any CPU.ActiveCfg = Debug|Any CPU
		{AF6FD634-3B97-4FE9-AF57-D10FD4DB14DC}.Debug|Any CPU.Build.0 = Debug|Any CPU
		{AF6FD634-3B97-4FE9-AF57-D10FD4DB14DC}.Release|Any CPU.ActiveCfg = Release|Any CPU
		{AF6FD634-3B97-4FE9-AF57-D10FD4DB14DC}.Release|Any CPU.Build.0 = Release|Any CPU
		{7BF87DC4-B47B-4DFA-885B-F2D33C19D574}.Debug|Any CPU.ActiveCfg = Debug|Any CPU
		{7BF87DC4-B47B-4DFA-885B-F2D33C19D574}.Debug|Any CPU.Build.0 = Debug|Any CPU
		{7BF87DC4-B47B-4DFA-885B-F2D33C19D574}.Release|Any CPU.ActiveCfg = Release|Any CPU
		{7BF87DC4-B47B-4DFA-885B-F2D33C19D574}.Release|Any CPU.Build.0 = Release|Any CPU
	EndGlobalSection
	GlobalSection(SolutionProperties) = preSolution
		HideSolutionNode = FALSE
	EndGlobalSection
	GlobalSection(ExtensibilityGlobals) = postSolution
		SolutionGuid = {5EB6BB19-4FB3-4910-8BFB-4E17AA87C338}
	EndGlobalSection
EndGlobal
