
Microsoft Visual Studio Solution File, Format Version 12.00
# Visual Studio Version 16
VisualStudioVersion = 16.0.30114.105
MinimumVisualStudioVersion = 10.0.40219.1
Project("{FAE04EC0-301F-11D3-BF4B-00C04F79EFBC}") = "Training20200922", "Training20200922\Training20200922\Training20200922.csproj", "{DDC04A12-6006-4019-BCD3-8291E2D3D59F}"
EndProject
Project("{FAE04EC0-301F-11D3-BF4B-00C04F79EFBC}") = "Training20200922.Test", "Training20200922\Training20200922.Test\Training20200922.Test.csproj", "{240E1099-36B8-4414-AECE-95E621D9F8B5}"
EndProject
Global
	GlobalSection(SolutionConfigurationPlatforms) = preSolution
		Debug|Any CPU = Debug|Any CPU
		Release|Any CPU = Release|Any CPU
	EndGlobalSection
	GlobalSection(ProjectConfigurationPlatforms) = postSolution
		{DDC04A12-6006-4019-BCD3-8291E2D3D59F}.Debug|Any CPU.ActiveCfg = Debug|Any CPU
		{DDC04A12-6006-4019-BCD3-8291E2D3D59F}.Debug|Any CPU.Build.0 = Debug|Any CPU
		{DDC04A12-6006-4019-BCD3-8291E2D3D59F}.Release|Any CPU.ActiveCfg = Release|Any CPU
		{DDC04A12-6006-4019-BCD3-8291E2D3D59F}.Release|Any CPU.Build.0 = Release|Any CPU
		{240E1099-36B8-4414-AECE-95E621D9F8B5}.Debug|Any CPU.ActiveCfg = Debug|Any CPU
		{240E1099-36B8-4414-AECE-95E621D9F8B5}.Debug|Any CPU.Build.0 = Debug|Any CPU
		{240E1099-36B8-4414-AECE-95E621D9F8B5}.Release|Any CPU.ActiveCfg = Release|Any CPU
		{240E1099-36B8-4414-AECE-95E621D9F8B5}.Release|Any CPU.Build.0 = Release|Any CPU
	EndGlobalSection
	GlobalSection(SolutionProperties) = preSolution
		HideSolutionNode = FALSE
	EndGlobalSection
	GlobalSection(ExtensibilityGlobals) = postSolution
		SolutionGuid = {A8171467-6CF0-4A96-819E-440BAA034934}
	EndGlobalSection
EndGlobal
