
Microsoft Visual Studio Solution File, Format Version 12.00
# Visual Studio Version 16
VisualStudioVersion = 16.0.30011.22
MinimumVisualStudioVersion = 10.0.40219.1
Project("{FAE04EC0-301F-11D3-BF4B-00C04F79EFBC}") = "AtCoderBeginnerContest132", "AtCoderBeginnerContest132\AtCoderBeginnerContest132\AtCoderBeginnerContest132.csproj", "{E7DD30D1-E3B9-4F27-9E85-CD6BA711168D}"
EndProject
Project("{FAE04EC0-301F-11D3-BF4B-00C04F79EFBC}") = "AtCoderBeginnerContest132.Test", "AtCoderBeginnerContest132\AtCoderBeginnerContest132.Test\AtCoderBeginnerContest132.Test.csproj", "{E1EFBA54-E923-4692-8698-8C215E129083}"
EndProject
Global
	GlobalSection(SolutionConfigurationPlatforms) = preSolution
		Debug|Any CPU = Debug|Any CPU
		Release|Any CPU = Release|Any CPU
	EndGlobalSection
	GlobalSection(ProjectConfigurationPlatforms) = postSolution
		{E7DD30D1-E3B9-4F27-9E85-CD6BA711168D}.Debug|Any CPU.ActiveCfg = Debug|Any CPU
		{E7DD30D1-E3B9-4F27-9E85-CD6BA711168D}.Debug|Any CPU.Build.0 = Debug|Any CPU
		{E7DD30D1-E3B9-4F27-9E85-CD6BA711168D}.Release|Any CPU.ActiveCfg = Release|Any CPU
		{E7DD30D1-E3B9-4F27-9E85-CD6BA711168D}.Release|Any CPU.Build.0 = Release|Any CPU
		{E1EFBA54-E923-4692-8698-8C215E129083}.Debug|Any CPU.ActiveCfg = Debug|Any CPU
		{E1EFBA54-E923-4692-8698-8C215E129083}.Debug|Any CPU.Build.0 = Debug|Any CPU
		{E1EFBA54-E923-4692-8698-8C215E129083}.Release|Any CPU.ActiveCfg = Release|Any CPU
		{E1EFBA54-E923-4692-8698-8C215E129083}.Release|Any CPU.Build.0 = Release|Any CPU
	EndGlobalSection
	GlobalSection(SolutionProperties) = preSolution
		HideSolutionNode = FALSE
	EndGlobalSection
	GlobalSection(ExtensibilityGlobals) = postSolution
		SolutionGuid = {0A607E64-FB59-4D27-87EC-5536704F3BC6}
	EndGlobalSection
EndGlobal
