
Microsoft Visual Studio Solution File, Format Version 12.00
# Visual Studio Version 16
VisualStudioVersion = 16.0.30011.22
MinimumVisualStudioVersion = 10.0.40219.1
Project("{FAE04EC0-301F-11D3-BF4B-00C04F79EFBC}") = "Yorukatsu023", "Yorukatsu023\Yorukatsu023\Yorukatsu023.csproj", "{E9F1DB38-EBAE-4393-B6BA-2894D888B940}"
EndProject
Project("{FAE04EC0-301F-11D3-BF4B-00C04F79EFBC}") = "Yorukatsu023.Test", "Yorukatsu023\Yorukatsu023.Test\Yorukatsu023.Test.csproj", "{91B38575-CCCB-4ECA-8088-BAB1AE960B98}"
EndProject
Global
	GlobalSection(SolutionConfigurationPlatforms) = preSolution
		Debug|Any CPU = Debug|Any CPU
		Release|Any CPU = Release|Any CPU
	EndGlobalSection
	GlobalSection(ProjectConfigurationPlatforms) = postSolution
		{E9F1DB38-EBAE-4393-B6BA-2894D888B940}.Debug|Any CPU.ActiveCfg = Debug|Any CPU
		{E9F1DB38-EBAE-4393-B6BA-2894D888B940}.Debug|Any CPU.Build.0 = Debug|Any CPU
		{E9F1DB38-EBAE-4393-B6BA-2894D888B940}.Release|Any CPU.ActiveCfg = Release|Any CPU
		{E9F1DB38-EBAE-4393-B6BA-2894D888B940}.Release|Any CPU.Build.0 = Release|Any CPU
		{91B38575-CCCB-4ECA-8088-BAB1AE960B98}.Debug|Any CPU.ActiveCfg = Debug|Any CPU
		{91B38575-CCCB-4ECA-8088-BAB1AE960B98}.Debug|Any CPU.Build.0 = Debug|Any CPU
		{91B38575-CCCB-4ECA-8088-BAB1AE960B98}.Release|Any CPU.ActiveCfg = Release|Any CPU
		{91B38575-CCCB-4ECA-8088-BAB1AE960B98}.Release|Any CPU.Build.0 = Release|Any CPU
	EndGlobalSection
	GlobalSection(SolutionProperties) = preSolution
		HideSolutionNode = FALSE
	EndGlobalSection
	GlobalSection(ExtensibilityGlobals) = postSolution
		SolutionGuid = {E708C2F5-A7BC-4970-9B63-FF354C7C0958}
	EndGlobalSection
EndGlobal
