
Microsoft Visual Studio Solution File, Format Version 12.00
# Visual Studio Version 16
VisualStudioVersion = 16.0.30114.105
MinimumVisualStudioVersion = 10.0.40219.1
Project("{FAE04EC0-301F-11D3-BF4B-00C04F79EFBC}") = "Training20201021", "Training20201021\Training20201021\Training20201021.csproj", "{B193AD09-3636-4EA1-BACB-D5995A44641A}"
EndProject
Project("{FAE04EC0-301F-11D3-BF4B-00C04F79EFBC}") = "Training20201021.Test", "Training20201021\Training20201021.Test\Training20201021.Test.csproj", "{5E8AA001-9ECE-4C0B-862B-B42703487D13}"
EndProject
Global
	GlobalSection(SolutionConfigurationPlatforms) = preSolution
		Debug|Any CPU = Debug|Any CPU
		Release|Any CPU = Release|Any CPU
	EndGlobalSection
	GlobalSection(ProjectConfigurationPlatforms) = postSolution
		{B193AD09-3636-4EA1-BACB-D5995A44641A}.Debug|Any CPU.ActiveCfg = Debug|Any CPU
		{B193AD09-3636-4EA1-BACB-D5995A44641A}.Debug|Any CPU.Build.0 = Debug|Any CPU
		{B193AD09-3636-4EA1-BACB-D5995A44641A}.Release|Any CPU.ActiveCfg = Release|Any CPU
		{B193AD09-3636-4EA1-BACB-D5995A44641A}.Release|Any CPU.Build.0 = Release|Any CPU
		{5E8AA001-9ECE-4C0B-862B-B42703487D13}.Debug|Any CPU.ActiveCfg = Debug|Any CPU
		{5E8AA001-9ECE-4C0B-862B-B42703487D13}.Debug|Any CPU.Build.0 = Debug|Any CPU
		{5E8AA001-9ECE-4C0B-862B-B42703487D13}.Release|Any CPU.ActiveCfg = Release|Any CPU
		{5E8AA001-9ECE-4C0B-862B-B42703487D13}.Release|Any CPU.Build.0 = Release|Any CPU
	EndGlobalSection
	GlobalSection(SolutionProperties) = preSolution
		HideSolutionNode = FALSE
	EndGlobalSection
	GlobalSection(ExtensibilityGlobals) = postSolution
		SolutionGuid = {288E937A-E6CA-4615-A9CD-8DDD480F2128}
	EndGlobalSection
EndGlobal
