
Microsoft Visual Studio Solution File, Format Version 12.00
# Visual Studio Version 16
VisualStudioVersion = 16.0.29926.136
MinimumVisualStudioVersion = 10.0.40219.1
Project("{FAE04EC0-301F-11D3-BF4B-00C04F79EFBC}") = "JudgeSystemUpdateTestContest202004", "JudgeSystemUpdateTestContest202004\JudgeSystemUpdateTestContest202004\JudgeSystemUpdateTestContest202004.csproj", "{5F770C6D-15A4-44F7-B34A-03C959E9B87B}"
EndProject
Project("{FAE04EC0-301F-11D3-BF4B-00C04F79EFBC}") = "JudgeSystemUpdateTestContest202004.Test", "JudgeSystemUpdateTestContest202004\JudgeSystemUpdateTestContest202004.Test\JudgeSystemUpdateTestContest202004.Test.csproj", "{EA444A9A-9697-4909-AB01-9FDF81E14539}"
EndProject
Global
	GlobalSection(SolutionConfigurationPlatforms) = preSolution
		Debug|Any CPU = Debug|Any CPU
		Release|Any CPU = Release|Any CPU
	EndGlobalSection
	GlobalSection(ProjectConfigurationPlatforms) = postSolution
		{5F770C6D-15A4-44F7-B34A-03C959E9B87B}.Debug|Any CPU.ActiveCfg = Debug|Any CPU
		{5F770C6D-15A4-44F7-B34A-03C959E9B87B}.Debug|Any CPU.Build.0 = Debug|Any CPU
		{5F770C6D-15A4-44F7-B34A-03C959E9B87B}.Release|Any CPU.ActiveCfg = Release|Any CPU
		{5F770C6D-15A4-44F7-B34A-03C959E9B87B}.Release|Any CPU.Build.0 = Release|Any CPU
		{EA444A9A-9697-4909-AB01-9FDF81E14539}.Debug|Any CPU.ActiveCfg = Debug|Any CPU
		{EA444A9A-9697-4909-AB01-9FDF81E14539}.Debug|Any CPU.Build.0 = Debug|Any CPU
		{EA444A9A-9697-4909-AB01-9FDF81E14539}.Release|Any CPU.ActiveCfg = Release|Any CPU
		{EA444A9A-9697-4909-AB01-9FDF81E14539}.Release|Any CPU.Build.0 = Release|Any CPU
	EndGlobalSection
	GlobalSection(SolutionProperties) = preSolution
		HideSolutionNode = FALSE
	EndGlobalSection
	GlobalSection(ExtensibilityGlobals) = postSolution
		SolutionGuid = {63EDA76B-AF2A-464F-BC85-1D9870BF6F53}
	EndGlobalSection
EndGlobal
