
Microsoft Visual Studio Solution File, Format Version 12.00
# Visual Studio Version 16
VisualStudioVersion = 16.0.30114.105
MinimumVisualStudioVersion = 10.0.40219.1
Project("{FAE04EC0-301F-11D3-BF4B-00C04F79EFBC}") = "Kujikatsu003", "Kujikatsu003\Kujikatsu003\Kujikatsu003.csproj", "{2C484506-246C-4610-9F63-FE43FF68DCCC}"
EndProject
Project("{FAE04EC0-301F-11D3-BF4B-00C04F79EFBC}") = "Kujikatsu003.Test", "Kujikatsu003\Kujikatsu003.Test\Kujikatsu003.Test.csproj", "{C678F7C0-DFF2-4B7D-B9A1-74BD9C019210}"
EndProject
Global
	GlobalSection(SolutionConfigurationPlatforms) = preSolution
		Debug|Any CPU = Debug|Any CPU
		Release|Any CPU = Release|Any CPU
	EndGlobalSection
	GlobalSection(ProjectConfigurationPlatforms) = postSolution
		{2C484506-246C-4610-9F63-FE43FF68DCCC}.Debug|Any CPU.ActiveCfg = Debug|Any CPU
		{2C484506-246C-4610-9F63-FE43FF68DCCC}.Debug|Any CPU.Build.0 = Debug|Any CPU
		{2C484506-246C-4610-9F63-FE43FF68DCCC}.Release|Any CPU.ActiveCfg = Release|Any CPU
		{2C484506-246C-4610-9F63-FE43FF68DCCC}.Release|Any CPU.Build.0 = Release|Any CPU
		{C678F7C0-DFF2-4B7D-B9A1-74BD9C019210}.Debug|Any CPU.ActiveCfg = Debug|Any CPU
		{C678F7C0-DFF2-4B7D-B9A1-74BD9C019210}.Debug|Any CPU.Build.0 = Debug|Any CPU
		{C678F7C0-DFF2-4B7D-B9A1-74BD9C019210}.Release|Any CPU.ActiveCfg = Release|Any CPU
		{C678F7C0-DFF2-4B7D-B9A1-74BD9C019210}.Release|Any CPU.Build.0 = Release|Any CPU
	EndGlobalSection
	GlobalSection(SolutionProperties) = preSolution
		HideSolutionNode = FALSE
	EndGlobalSection
	GlobalSection(ExtensibilityGlobals) = postSolution
		SolutionGuid = {2E427722-29A8-49CB-88CD-9CF4B23BB866}
	EndGlobalSection
EndGlobal
