
Microsoft Visual Studio Solution File, Format Version 12.00
# Visual Studio Version 16
VisualStudioVersion = 16.0.30320.27
MinimumVisualStudioVersion = 10.0.40219.1
Project("{FAE04EC0-301F-11D3-BF4B-00C04F79EFBC}") = "Kujikatsu039", "Kujikatsu039\Kujikatsu039\Kujikatsu039.csproj", "{ABC104C0-5C2C-4F07-AB07-74873ECBB894}"
EndProject
Project("{FAE04EC0-301F-11D3-BF4B-00C04F79EFBC}") = "Kujikatsu039.Test", "Kujikatsu039\Kujikatsu039.Test\Kujikatsu039.Test.csproj", "{8038D36D-4DDF-430B-93D7-190ACE239C75}"
EndProject
Global
	GlobalSection(SolutionConfigurationPlatforms) = preSolution
		Debug|Any CPU = Debug|Any CPU
		Release|Any CPU = Release|Any CPU
	EndGlobalSection
	GlobalSection(ProjectConfigurationPlatforms) = postSolution
		{ABC104C0-5C2C-4F07-AB07-74873ECBB894}.Debug|Any CPU.ActiveCfg = Debug|Any CPU
		{ABC104C0-5C2C-4F07-AB07-74873ECBB894}.Debug|Any CPU.Build.0 = Debug|Any CPU
		{ABC104C0-5C2C-4F07-AB07-74873ECBB894}.Release|Any CPU.ActiveCfg = Release|Any CPU
		{ABC104C0-5C2C-4F07-AB07-74873ECBB894}.Release|Any CPU.Build.0 = Release|Any CPU
		{8038D36D-4DDF-430B-93D7-190ACE239C75}.Debug|Any CPU.ActiveCfg = Debug|Any CPU
		{8038D36D-4DDF-430B-93D7-190ACE239C75}.Debug|Any CPU.Build.0 = Debug|Any CPU
		{8038D36D-4DDF-430B-93D7-190ACE239C75}.Release|Any CPU.ActiveCfg = Release|Any CPU
		{8038D36D-4DDF-430B-93D7-190ACE239C75}.Release|Any CPU.Build.0 = Release|Any CPU
	EndGlobalSection
	GlobalSection(SolutionProperties) = preSolution
		HideSolutionNode = FALSE
	EndGlobalSection
	GlobalSection(ExtensibilityGlobals) = postSolution
		SolutionGuid = {AD2F2FA4-49E9-4902-94B8-89ECC73147B5}
	EndGlobalSection
EndGlobal
