
Microsoft Visual Studio Solution File, Format Version 12.00
# Visual Studio Version 16
VisualStudioVersion = 16.0.30114.105
MinimumVisualStudioVersion = 10.0.40219.1
Project("{FAE04EC0-301F-11D3-BF4B-00C04F79EFBC}") = "Yorukatsu056", "Yorukatsu056\Yorukatsu056\Yorukatsu056.csproj", "{067D128D-F1F4-470F-B8A2-1BD43AEBEF1D}"
EndProject
Project("{FAE04EC0-301F-11D3-BF4B-00C04F79EFBC}") = "Yorukatsu056.Test", "Yorukatsu056\Yorukatsu056.Test\Yorukatsu056.Test.csproj", "{F18D212C-37E5-4DF0-B6C9-C6A2C3021895}"
EndProject
Global
	GlobalSection(SolutionConfigurationPlatforms) = preSolution
		Debug|Any CPU = Debug|Any CPU
		Release|Any CPU = Release|Any CPU
	EndGlobalSection
	GlobalSection(ProjectConfigurationPlatforms) = postSolution
		{067D128D-F1F4-470F-B8A2-1BD43AEBEF1D}.Debug|Any CPU.ActiveCfg = Debug|Any CPU
		{067D128D-F1F4-470F-B8A2-1BD43AEBEF1D}.Debug|Any CPU.Build.0 = Debug|Any CPU
		{067D128D-F1F4-470F-B8A2-1BD43AEBEF1D}.Release|Any CPU.ActiveCfg = Release|Any CPU
		{067D128D-F1F4-470F-B8A2-1BD43AEBEF1D}.Release|Any CPU.Build.0 = Release|Any CPU
		{F18D212C-37E5-4DF0-B6C9-C6A2C3021895}.Debug|Any CPU.ActiveCfg = Debug|Any CPU
		{F18D212C-37E5-4DF0-B6C9-C6A2C3021895}.Debug|Any CPU.Build.0 = Debug|Any CPU
		{F18D212C-37E5-4DF0-B6C9-C6A2C3021895}.Release|Any CPU.ActiveCfg = Release|Any CPU
		{F18D212C-37E5-4DF0-B6C9-C6A2C3021895}.Release|Any CPU.Build.0 = Release|Any CPU
	EndGlobalSection
	GlobalSection(SolutionProperties) = preSolution
		HideSolutionNode = FALSE
	EndGlobalSection
	GlobalSection(ExtensibilityGlobals) = postSolution
		SolutionGuid = {1A736F5D-4E5B-45D3-A3DC-03C2A9E60F21}
	EndGlobalSection
EndGlobal
