
Microsoft Visual Studio Solution File, Format Version 12.00
# Visual Studio Version 16
VisualStudioVersion = 16.0.30114.105
MinimumVisualStudioVersion = 10.0.40219.1
Project("{FAE04EC0-301F-11D3-BF4B-00C04F79EFBC}") = "HHKB2020", "HHKB2020\HHKB2020\HHKB2020.csproj", "{60C87D9F-7A51-4600-A3EF-CD1A11B32F21}"
EndProject
Project("{FAE04EC0-301F-11D3-BF4B-00C04F79EFBC}") = "HHKB2020.Test", "HHKB2020\HHKB2020.Test\HHKB2020.Test.csproj", "{6F2852CC-35E9-46F7-B34B-AE353AE94753}"
EndProject
Global
	GlobalSection(SolutionConfigurationPlatforms) = preSolution
		Debug|Any CPU = Debug|Any CPU
		Release|Any CPU = Release|Any CPU
	EndGlobalSection
	GlobalSection(ProjectConfigurationPlatforms) = postSolution
		{60C87D9F-7A51-4600-A3EF-CD1A11B32F21}.Debug|Any CPU.ActiveCfg = Debug|Any CPU
		{60C87D9F-7A51-4600-A3EF-CD1A11B32F21}.Debug|Any CPU.Build.0 = Debug|Any CPU
		{60C87D9F-7A51-4600-A3EF-CD1A11B32F21}.Release|Any CPU.ActiveCfg = Release|Any CPU
		{60C87D9F-7A51-4600-A3EF-CD1A11B32F21}.Release|Any CPU.Build.0 = Release|Any CPU
		{6F2852CC-35E9-46F7-B34B-AE353AE94753}.Debug|Any CPU.ActiveCfg = Debug|Any CPU
		{6F2852CC-35E9-46F7-B34B-AE353AE94753}.Debug|Any CPU.Build.0 = Debug|Any CPU
		{6F2852CC-35E9-46F7-B34B-AE353AE94753}.Release|Any CPU.ActiveCfg = Release|Any CPU
		{6F2852CC-35E9-46F7-B34B-AE353AE94753}.Release|Any CPU.Build.0 = Release|Any CPU
	EndGlobalSection
	GlobalSection(SolutionProperties) = preSolution
		HideSolutionNode = FALSE
	EndGlobalSection
	GlobalSection(ExtensibilityGlobals) = postSolution
		SolutionGuid = {51563ECE-0D74-4D7B-8140-5D7D92A509B8}
	EndGlobalSection
EndGlobal
