
Microsoft Visual Studio Solution File, Format Version 12.00
# Visual Studio Version 16
VisualStudioVersion = 16.0.30114.105
MinimumVisualStudioVersion = 10.0.40219.1
Project("{FAE04EC0-301F-11D3-BF4B-00C04F79EFBC}") = "Yorukatsu055", "Yorukatsu055\Yorukatsu055\Yorukatsu055.csproj", "{D3389967-B2F0-4953-892A-2F34D9BFDC22}"
EndProject
Project("{FAE04EC0-301F-11D3-BF4B-00C04F79EFBC}") = "Yorukatsu055.Test", "Yorukatsu055\Yorukatsu055.Test\Yorukatsu055.Test.csproj", "{63F218D5-6EC1-44F5-B5A2-8890E7C470EC}"
EndProject
Global
	GlobalSection(SolutionConfigurationPlatforms) = preSolution
		Debug|Any CPU = Debug|Any CPU
		Release|Any CPU = Release|Any CPU
	EndGlobalSection
	GlobalSection(ProjectConfigurationPlatforms) = postSolution
		{D3389967-B2F0-4953-892A-2F34D9BFDC22}.Debug|Any CPU.ActiveCfg = Debug|Any CPU
		{D3389967-B2F0-4953-892A-2F34D9BFDC22}.Debug|Any CPU.Build.0 = Debug|Any CPU
		{D3389967-B2F0-4953-892A-2F34D9BFDC22}.Release|Any CPU.ActiveCfg = Release|Any CPU
		{D3389967-B2F0-4953-892A-2F34D9BFDC22}.Release|Any CPU.Build.0 = Release|Any CPU
		{63F218D5-6EC1-44F5-B5A2-8890E7C470EC}.Debug|Any CPU.ActiveCfg = Debug|Any CPU
		{63F218D5-6EC1-44F5-B5A2-8890E7C470EC}.Debug|Any CPU.Build.0 = Debug|Any CPU
		{63F218D5-6EC1-44F5-B5A2-8890E7C470EC}.Release|Any CPU.ActiveCfg = Release|Any CPU
		{63F218D5-6EC1-44F5-B5A2-8890E7C470EC}.Release|Any CPU.Build.0 = Release|Any CPU
	EndGlobalSection
	GlobalSection(SolutionProperties) = preSolution
		HideSolutionNode = FALSE
	EndGlobalSection
	GlobalSection(ExtensibilityGlobals) = postSolution
		SolutionGuid = {CAD46EFE-AE56-4835-A240-67CB6E890878}
	EndGlobalSection
EndGlobal
