
Microsoft Visual Studio Solution File, Format Version 12.00
# Visual Studio Version 16
VisualStudioVersion = 16.0.30114.105
MinimumVisualStudioVersion = 10.0.40219.1
Project("{FAE04EC0-301F-11D3-BF4B-00C04F79EFBC}") = "Training20200611", "Training20200611\Training20200611\Training20200611.csproj", "{67B22964-5BB6-4DBB-AB9D-598A0E1230DC}"
EndProject
Project("{FAE04EC0-301F-11D3-BF4B-00C04F79EFBC}") = "Training20200611.Test", "Training20200611\Training20200611.Test\Training20200611.Test.csproj", "{5F6B4D4B-FBE6-4E21-8494-B3C884064E8F}"
EndProject
Global
	GlobalSection(SolutionConfigurationPlatforms) = preSolution
		Debug|Any CPU = Debug|Any CPU
		Release|Any CPU = Release|Any CPU
	EndGlobalSection
	GlobalSection(ProjectConfigurationPlatforms) = postSolution
		{67B22964-5BB6-4DBB-AB9D-598A0E1230DC}.Debug|Any CPU.ActiveCfg = Debug|Any CPU
		{67B22964-5BB6-4DBB-AB9D-598A0E1230DC}.Debug|Any CPU.Build.0 = Debug|Any CPU
		{67B22964-5BB6-4DBB-AB9D-598A0E1230DC}.Release|Any CPU.ActiveCfg = Release|Any CPU
		{67B22964-5BB6-4DBB-AB9D-598A0E1230DC}.Release|Any CPU.Build.0 = Release|Any CPU
		{5F6B4D4B-FBE6-4E21-8494-B3C884064E8F}.Debug|Any CPU.ActiveCfg = Debug|Any CPU
		{5F6B4D4B-FBE6-4E21-8494-B3C884064E8F}.Debug|Any CPU.Build.0 = Debug|Any CPU
		{5F6B4D4B-FBE6-4E21-8494-B3C884064E8F}.Release|Any CPU.ActiveCfg = Release|Any CPU
		{5F6B4D4B-FBE6-4E21-8494-B3C884064E8F}.Release|Any CPU.Build.0 = Release|Any CPU
	EndGlobalSection
	GlobalSection(SolutionProperties) = preSolution
		HideSolutionNode = FALSE
	EndGlobalSection
	GlobalSection(ExtensibilityGlobals) = postSolution
		SolutionGuid = {291D4D23-AFC0-400F-9407-1376C2990C9C}
	EndGlobalSection
EndGlobal
