
Microsoft Visual Studio Solution File, Format Version 12.00
# Visual Studio Version 16
VisualStudioVersion = 16.0.30114.105
MinimumVisualStudioVersion = 10.0.40219.1
Project("{FAE04EC0-301F-11D3-BF4B-00C04F79EFBC}") = "Kujikatsu051", "Kujikatsu051\Kujikatsu051\Kujikatsu051.csproj", "{4389161A-4732-497C-93AB-E5F767E09DD9}"
EndProject
Project("{FAE04EC0-301F-11D3-BF4B-00C04F79EFBC}") = "Kujikatsu051.Test", "Kujikatsu051\Kujikatsu051.Test\Kujikatsu051.Test.csproj", "{39446A99-EA77-4567-8BCD-DCCD80575CB9}"
EndProject
Global
	GlobalSection(SolutionConfigurationPlatforms) = preSolution
		Debug|Any CPU = Debug|Any CPU
		Release|Any CPU = Release|Any CPU
	EndGlobalSection
	GlobalSection(ProjectConfigurationPlatforms) = postSolution
		{4389161A-4732-497C-93AB-E5F767E09DD9}.Debug|Any CPU.ActiveCfg = Debug|Any CPU
		{4389161A-4732-497C-93AB-E5F767E09DD9}.Debug|Any CPU.Build.0 = Debug|Any CPU
		{4389161A-4732-497C-93AB-E5F767E09DD9}.Release|Any CPU.ActiveCfg = Release|Any CPU
		{4389161A-4732-497C-93AB-E5F767E09DD9}.Release|Any CPU.Build.0 = Release|Any CPU
		{39446A99-EA77-4567-8BCD-DCCD80575CB9}.Debug|Any CPU.ActiveCfg = Debug|Any CPU
		{39446A99-EA77-4567-8BCD-DCCD80575CB9}.Debug|Any CPU.Build.0 = Debug|Any CPU
		{39446A99-EA77-4567-8BCD-DCCD80575CB9}.Release|Any CPU.ActiveCfg = Release|Any CPU
		{39446A99-EA77-4567-8BCD-DCCD80575CB9}.Release|Any CPU.Build.0 = Release|Any CPU
	EndGlobalSection
	GlobalSection(SolutionProperties) = preSolution
		HideSolutionNode = FALSE
	EndGlobalSection
	GlobalSection(ExtensibilityGlobals) = postSolution
		SolutionGuid = {F32DDECC-2C04-4FB0-893A-83A82491C0B9}
	EndGlobalSection
EndGlobal
