
Microsoft Visual Studio Solution File, Format Version 12.00
# Visual Studio Version 16
VisualStudioVersion = 16.0.30011.22
MinimumVisualStudioVersion = 10.0.40219.1
Project("{FAE04EC0-301F-11D3-BF4B-00C04F79EFBC}") = "AtCoderBeginnerContest123", "AtCoderBeginnerContest123\AtCoderBeginnerContest123\AtCoderBeginnerContest123.csproj", "{D5F8254E-DEF0-44BF-A8FE-095D52A913A7}"
EndProject
Project("{FAE04EC0-301F-11D3-BF4B-00C04F79EFBC}") = "AtCoderBeginnerContest123.Test", "AtCoderBeginnerContest123\AtCoderBeginnerContest123.Test\AtCoderBeginnerContest123.Test.csproj", "{6FCAED57-75DF-4761-A110-B83581AC8EC8}"
EndProject
Global
	GlobalSection(SolutionConfigurationPlatforms) = preSolution
		Debug|Any CPU = Debug|Any CPU
		Release|Any CPU = Release|Any CPU
	EndGlobalSection
	GlobalSection(ProjectConfigurationPlatforms) = postSolution
		{D5F8254E-DEF0-44BF-A8FE-095D52A913A7}.Debug|Any CPU.ActiveCfg = Debug|Any CPU
		{D5F8254E-DEF0-44BF-A8FE-095D52A913A7}.Debug|Any CPU.Build.0 = Debug|Any CPU
		{D5F8254E-DEF0-44BF-A8FE-095D52A913A7}.Release|Any CPU.ActiveCfg = Release|Any CPU
		{D5F8254E-DEF0-44BF-A8FE-095D52A913A7}.Release|Any CPU.Build.0 = Release|Any CPU
		{6FCAED57-75DF-4761-A110-B83581AC8EC8}.Debug|Any CPU.ActiveCfg = Debug|Any CPU
		{6FCAED57-75DF-4761-A110-B83581AC8EC8}.Debug|Any CPU.Build.0 = Debug|Any CPU
		{6FCAED57-75DF-4761-A110-B83581AC8EC8}.Release|Any CPU.ActiveCfg = Release|Any CPU
		{6FCAED57-75DF-4761-A110-B83581AC8EC8}.Release|Any CPU.Build.0 = Release|Any CPU
	EndGlobalSection
	GlobalSection(SolutionProperties) = preSolution
		HideSolutionNode = FALSE
	EndGlobalSection
	GlobalSection(ExtensibilityGlobals) = postSolution
		SolutionGuid = {8ADE2B5B-9CD6-4CB4-9896-DD06BDC8F2C2}
	EndGlobalSection
EndGlobal
