
Microsoft Visual Studio Solution File, Format Version 12.00
# Visual Studio Version 16
VisualStudioVersion = 16.0.30320.27
MinimumVisualStudioVersion = 10.0.40219.1
Project("{FAE04EC0-301F-11D3-BF4B-00C04F79EFBC}") = "Training20200726", "Training20200726\Training20200726\Training20200726.csproj", "{DA6133BD-4764-44D2-9B3C-143F3F2415F9}"
EndProject
Project("{FAE04EC0-301F-11D3-BF4B-00C04F79EFBC}") = "Training20200726.Test", "Training20200726\Training20200726.Test\Training20200726.Test.csproj", "{FBE2EFA5-177C-41E0-93A5-E9A7E4996CF0}"
EndProject
Global
	GlobalSection(SolutionConfigurationPlatforms) = preSolution
		Debug|Any CPU = Debug|Any CPU
		Release|Any CPU = Release|Any CPU
	EndGlobalSection
	GlobalSection(ProjectConfigurationPlatforms) = postSolution
		{DA6133BD-4764-44D2-9B3C-143F3F2415F9}.Debug|Any CPU.ActiveCfg = Debug|Any CPU
		{DA6133BD-4764-44D2-9B3C-143F3F2415F9}.Debug|Any CPU.Build.0 = Debug|Any CPU
		{DA6133BD-4764-44D2-9B3C-143F3F2415F9}.Release|Any CPU.ActiveCfg = Release|Any CPU
		{DA6133BD-4764-44D2-9B3C-143F3F2415F9}.Release|Any CPU.Build.0 = Release|Any CPU
		{FBE2EFA5-177C-41E0-93A5-E9A7E4996CF0}.Debug|Any CPU.ActiveCfg = Debug|Any CPU
		{FBE2EFA5-177C-41E0-93A5-E9A7E4996CF0}.Debug|Any CPU.Build.0 = Debug|Any CPU
		{FBE2EFA5-177C-41E0-93A5-E9A7E4996CF0}.Release|Any CPU.ActiveCfg = Release|Any CPU
		{FBE2EFA5-177C-41E0-93A5-E9A7E4996CF0}.Release|Any CPU.Build.0 = Release|Any CPU
	EndGlobalSection
	GlobalSection(SolutionProperties) = preSolution
		HideSolutionNode = FALSE
	EndGlobalSection
	GlobalSection(ExtensibilityGlobals) = postSolution
		SolutionGuid = {3EFBB7FB-DE1B-425A-BD38-444B45A75BA1}
	EndGlobalSection
EndGlobal
