
Microsoft Visual Studio Solution File, Format Version 12.00
# Visual Studio Version 16
VisualStudioVersion = 16.0.30011.22
MinimumVisualStudioVersion = 10.0.40219.1
Project("{FAE04EC0-301F-11D3-BF4B-00C04F79EFBC}") = "Yorukatsu043", "Yorukatsu043\Yorukatsu043\Yorukatsu043.csproj", "{CC8E5F9D-F61F-4452-BB56-4A3037497FFB}"
EndProject
Project("{FAE04EC0-301F-11D3-BF4B-00C04F79EFBC}") = "Yorukatsu043.Test", "Yorukatsu043\Yorukatsu043.Test\Yorukatsu043.Test.csproj", "{6AD6B13D-FECA-4DB1-B86A-036E34B39544}"
EndProject
Global
	GlobalSection(SolutionConfigurationPlatforms) = preSolution
		Debug|Any CPU = Debug|Any CPU
		Release|Any CPU = Release|Any CPU
	EndGlobalSection
	GlobalSection(ProjectConfigurationPlatforms) = postSolution
		{CC8E5F9D-F61F-4452-BB56-4A3037497FFB}.Debug|Any CPU.ActiveCfg = Debug|Any CPU
		{CC8E5F9D-F61F-4452-BB56-4A3037497FFB}.Debug|Any CPU.Build.0 = Debug|Any CPU
		{CC8E5F9D-F61F-4452-BB56-4A3037497FFB}.Release|Any CPU.ActiveCfg = Release|Any CPU
		{CC8E5F9D-F61F-4452-BB56-4A3037497FFB}.Release|Any CPU.Build.0 = Release|Any CPU
		{6AD6B13D-FECA-4DB1-B86A-036E34B39544}.Debug|Any CPU.ActiveCfg = Debug|Any CPU
		{6AD6B13D-FECA-4DB1-B86A-036E34B39544}.Debug|Any CPU.Build.0 = Debug|Any CPU
		{6AD6B13D-FECA-4DB1-B86A-036E34B39544}.Release|Any CPU.ActiveCfg = Release|Any CPU
		{6AD6B13D-FECA-4DB1-B86A-036E34B39544}.Release|Any CPU.Build.0 = Release|Any CPU
	EndGlobalSection
	GlobalSection(SolutionProperties) = preSolution
		HideSolutionNode = FALSE
	EndGlobalSection
	GlobalSection(ExtensibilityGlobals) = postSolution
		SolutionGuid = {9EC443D2-83BC-420D-9F6D-6B6D50D9E4FE}
	EndGlobalSection
EndGlobal
