
Microsoft Visual Studio Solution File, Format Version 12.00
# Visual Studio Version 16
VisualStudioVersion = 16.0.30114.105
MinimumVisualStudioVersion = 10.0.40219.1
Project("{FAE04EC0-301F-11D3-BF4B-00C04F79EFBC}") = "Kujikatsu055", "Kujikatsu055\Kujikatsu055\Kujikatsu055.csproj", "{0E8758F5-7A1F-4B92-89D2-CB5D3929C7F6}"
EndProject
Project("{FAE04EC0-301F-11D3-BF4B-00C04F79EFBC}") = "Kujikatsu055.Test", "Kujikatsu055\Kujikatsu055.Test\Kujikatsu055.Test.csproj", "{6FA3517C-86F7-4607-986B-6F7B429ECE58}"
EndProject
Global
	GlobalSection(SolutionConfigurationPlatforms) = preSolution
		Debug|Any CPU = Debug|Any CPU
		Release|Any CPU = Release|Any CPU
	EndGlobalSection
	GlobalSection(ProjectConfigurationPlatforms) = postSolution
		{0E8758F5-7A1F-4B92-89D2-CB5D3929C7F6}.Debug|Any CPU.ActiveCfg = Debug|Any CPU
		{0E8758F5-7A1F-4B92-89D2-CB5D3929C7F6}.Debug|Any CPU.Build.0 = Debug|Any CPU
		{0E8758F5-7A1F-4B92-89D2-CB5D3929C7F6}.Release|Any CPU.ActiveCfg = Release|Any CPU
		{0E8758F5-7A1F-4B92-89D2-CB5D3929C7F6}.Release|Any CPU.Build.0 = Release|Any CPU
		{6FA3517C-86F7-4607-986B-6F7B429ECE58}.Debug|Any CPU.ActiveCfg = Debug|Any CPU
		{6FA3517C-86F7-4607-986B-6F7B429ECE58}.Debug|Any CPU.Build.0 = Debug|Any CPU
		{6FA3517C-86F7-4607-986B-6F7B429ECE58}.Release|Any CPU.ActiveCfg = Release|Any CPU
		{6FA3517C-86F7-4607-986B-6F7B429ECE58}.Release|Any CPU.Build.0 = Release|Any CPU
	EndGlobalSection
	GlobalSection(SolutionProperties) = preSolution
		HideSolutionNode = FALSE
	EndGlobalSection
	GlobalSection(ExtensibilityGlobals) = postSolution
		SolutionGuid = {BBCAC383-EBD2-4EE9-A9D7-09B3CEB78101}
	EndGlobalSection
EndGlobal
