
Microsoft Visual Studio Solution File, Format Version 12.00
# Visual Studio Version 16
VisualStudioVersion = 16.0.30114.105
MinimumVisualStudioVersion = 10.0.40219.1
Project("{FAE04EC0-301F-11D3-BF4B-00C04F79EFBC}") = "Training20200930", "Training20200930\Training20200930\Training20200930.csproj", "{96D9AFC0-DD1D-4120-9F43-0B6562252B46}"
EndProject
Project("{FAE04EC0-301F-11D3-BF4B-00C04F79EFBC}") = "Training20200930.Test", "Training20200930\Training20200930.Test\Training20200930.Test.csproj", "{3EC58BF9-A74D-49EB-8BF3-ACC500B1E0B2}"
EndProject
Global
	GlobalSection(SolutionConfigurationPlatforms) = preSolution
		Debug|Any CPU = Debug|Any CPU
		Release|Any CPU = Release|Any CPU
	EndGlobalSection
	GlobalSection(ProjectConfigurationPlatforms) = postSolution
		{96D9AFC0-DD1D-4120-9F43-0B6562252B46}.Debug|Any CPU.ActiveCfg = Debug|Any CPU
		{96D9AFC0-DD1D-4120-9F43-0B6562252B46}.Debug|Any CPU.Build.0 = Debug|Any CPU
		{96D9AFC0-DD1D-4120-9F43-0B6562252B46}.Release|Any CPU.ActiveCfg = Release|Any CPU
		{96D9AFC0-DD1D-4120-9F43-0B6562252B46}.Release|Any CPU.Build.0 = Release|Any CPU
		{3EC58BF9-A74D-49EB-8BF3-ACC500B1E0B2}.Debug|Any CPU.ActiveCfg = Debug|Any CPU
		{3EC58BF9-A74D-49EB-8BF3-ACC500B1E0B2}.Debug|Any CPU.Build.0 = Debug|Any CPU
		{3EC58BF9-A74D-49EB-8BF3-ACC500B1E0B2}.Release|Any CPU.ActiveCfg = Release|Any CPU
		{3EC58BF9-A74D-49EB-8BF3-ACC500B1E0B2}.Release|Any CPU.Build.0 = Release|Any CPU
	EndGlobalSection
	GlobalSection(SolutionProperties) = preSolution
		HideSolutionNode = FALSE
	EndGlobalSection
	GlobalSection(ExtensibilityGlobals) = postSolution
		SolutionGuid = {331F1C0D-8897-4245-8AFE-B33C1BADD930}
	EndGlobalSection
EndGlobal
