
Microsoft Visual Studio Solution File, Format Version 12.00
# Visual Studio Version 16
VisualStudioVersion = 16.0.30002.166
MinimumVisualStudioVersion = 10.0.40219.1
Project("{FAE04EC0-301F-11D3-BF4B-00C04F79EFBC}") = "AtCoderBeginnerContest153", "AtCoderBeginnerContest153\AtCoderBeginnerContest153\AtCoderBeginnerContest153.csproj", "{421EAF40-2771-45C5-A59D-8E89646EAC63}"
EndProject
Project("{FAE04EC0-301F-11D3-BF4B-00C04F79EFBC}") = "AtCoderBeginnerContest153.Test", "AtCoderBeginnerContest153\AtCoderBeginnerContest153.Test\AtCoderBeginnerContest153.Test.csproj", "{2046A39E-3D48-4DB8-B6E1-015E0B4FAD33}"
EndProject
Global
	GlobalSection(SolutionConfigurationPlatforms) = preSolution
		Debug|Any CPU = Debug|Any CPU
		Release|Any CPU = Release|Any CPU
	EndGlobalSection
	GlobalSection(ProjectConfigurationPlatforms) = postSolution
		{421EAF40-2771-45C5-A59D-8E89646EAC63}.Debug|Any CPU.ActiveCfg = Debug|Any CPU
		{421EAF40-2771-45C5-A59D-8E89646EAC63}.Debug|Any CPU.Build.0 = Debug|Any CPU
		{421EAF40-2771-45C5-A59D-8E89646EAC63}.Release|Any CPU.ActiveCfg = Release|Any CPU
		{421EAF40-2771-45C5-A59D-8E89646EAC63}.Release|Any CPU.Build.0 = Release|Any CPU
		{2046A39E-3D48-4DB8-B6E1-015E0B4FAD33}.Debug|Any CPU.ActiveCfg = Debug|Any CPU
		{2046A39E-3D48-4DB8-B6E1-015E0B4FAD33}.Debug|Any CPU.Build.0 = Debug|Any CPU
		{2046A39E-3D48-4DB8-B6E1-015E0B4FAD33}.Release|Any CPU.ActiveCfg = Release|Any CPU
		{2046A39E-3D48-4DB8-B6E1-015E0B4FAD33}.Release|Any CPU.Build.0 = Release|Any CPU
	EndGlobalSection
	GlobalSection(SolutionProperties) = preSolution
		HideSolutionNode = FALSE
	EndGlobalSection
	GlobalSection(ExtensibilityGlobals) = postSolution
		SolutionGuid = {FB8B58CC-5DE5-47C3-996F-74E94F90F507}
	EndGlobalSection
EndGlobal
