
Microsoft Visual Studio Solution File, Format Version 12.00
# Visual Studio Version 16
VisualStudioVersion = 16.0.30114.105
MinimumVisualStudioVersion = 10.0.40219.1
Project("{FAE04EC0-301F-11D3-BF4B-00C04F79EFBC}") = "Training20200626", "Training20200626\Training20200626\Training20200626.csproj", "{6E7DE6CC-64E6-4BB4-9BBE-D047306FB7C3}"
EndProject
Project("{FAE04EC0-301F-11D3-BF4B-00C04F79EFBC}") = "Training20200626.Test", "Training20200626\Training20200626.Test\Training20200626.Test.csproj", "{B65C3DFD-1252-4B8E-8DCF-378E12AEAD34}"
EndProject
Global
	GlobalSection(SolutionConfigurationPlatforms) = preSolution
		Debug|Any CPU = Debug|Any CPU
		Release|Any CPU = Release|Any CPU
	EndGlobalSection
	GlobalSection(ProjectConfigurationPlatforms) = postSolution
		{6E7DE6CC-64E6-4BB4-9BBE-D047306FB7C3}.Debug|Any CPU.ActiveCfg = Debug|Any CPU
		{6E7DE6CC-64E6-4BB4-9BBE-D047306FB7C3}.Debug|Any CPU.Build.0 = Debug|Any CPU
		{6E7DE6CC-64E6-4BB4-9BBE-D047306FB7C3}.Release|Any CPU.ActiveCfg = Release|Any CPU
		{6E7DE6CC-64E6-4BB4-9BBE-D047306FB7C3}.Release|Any CPU.Build.0 = Release|Any CPU
		{B65C3DFD-1252-4B8E-8DCF-378E12AEAD34}.Debug|Any CPU.ActiveCfg = Debug|Any CPU
		{B65C3DFD-1252-4B8E-8DCF-378E12AEAD34}.Debug|Any CPU.Build.0 = Debug|Any CPU
		{B65C3DFD-1252-4B8E-8DCF-378E12AEAD34}.Release|Any CPU.ActiveCfg = Release|Any CPU
		{B65C3DFD-1252-4B8E-8DCF-378E12AEAD34}.Release|Any CPU.Build.0 = Release|Any CPU
	EndGlobalSection
	GlobalSection(SolutionProperties) = preSolution
		HideSolutionNode = FALSE
	EndGlobalSection
	GlobalSection(ExtensibilityGlobals) = postSolution
		SolutionGuid = {51FCC80C-24FD-413F-ADFF-064F586FB9E0}
	EndGlobalSection
EndGlobal
