
Microsoft Visual Studio Solution File, Format Version 12.00
# Visual Studio Version 16
VisualStudioVersion = 16.0.30114.105
MinimumVisualStudioVersion = 10.0.40219.1
Project("{FAE04EC0-301F-11D3-BF4B-00C04F79EFBC}") = "Training20200918", "Training20200918\Training20200918\Training20200918.csproj", "{AF652E87-E359-44DC-A5EF-1FE06CCBCD0E}"
EndProject
Project("{FAE04EC0-301F-11D3-BF4B-00C04F79EFBC}") = "Training20200918.Test", "Training20200918\Training20200918.Test\Training20200918.Test.csproj", "{C44C3135-871A-4E80-B486-847E5296151F}"
EndProject
Global
	GlobalSection(SolutionConfigurationPlatforms) = preSolution
		Debug|Any CPU = Debug|Any CPU
		Release|Any CPU = Release|Any CPU
	EndGlobalSection
	GlobalSection(ProjectConfigurationPlatforms) = postSolution
		{AF652E87-E359-44DC-A5EF-1FE06CCBCD0E}.Debug|Any CPU.ActiveCfg = Debug|Any CPU
		{AF652E87-E359-44DC-A5EF-1FE06CCBCD0E}.Debug|Any CPU.Build.0 = Debug|Any CPU
		{AF652E87-E359-44DC-A5EF-1FE06CCBCD0E}.Release|Any CPU.ActiveCfg = Release|Any CPU
		{AF652E87-E359-44DC-A5EF-1FE06CCBCD0E}.Release|Any CPU.Build.0 = Release|Any CPU
		{C44C3135-871A-4E80-B486-847E5296151F}.Debug|Any CPU.ActiveCfg = Debug|Any CPU
		{C44C3135-871A-4E80-B486-847E5296151F}.Debug|Any CPU.Build.0 = Debug|Any CPU
		{C44C3135-871A-4E80-B486-847E5296151F}.Release|Any CPU.ActiveCfg = Release|Any CPU
		{C44C3135-871A-4E80-B486-847E5296151F}.Release|Any CPU.Build.0 = Release|Any CPU
	EndGlobalSection
	GlobalSection(SolutionProperties) = preSolution
		HideSolutionNode = FALSE
	EndGlobalSection
	GlobalSection(ExtensibilityGlobals) = postSolution
		SolutionGuid = {B026F014-F3E3-4ED3-A4B7-E44D38D9B7E9}
	EndGlobalSection
EndGlobal
