
Microsoft Visual Studio Solution File, Format Version 12.00
# Visual Studio Version 16
VisualStudioVersion = 16.0.30114.105
MinimumVisualStudioVersion = 10.0.40219.1
Project("{FAE04EC0-301F-11D3-BF4B-00C04F79EFBC}") = "AtCoderRegularContest106", "AtCoderRegularContest106\AtCoderRegularContest106\AtCoderRegularContest106.csproj", "{BCF90B0F-62E0-42CD-801B-F624129CD85C}"
EndProject
Project("{FAE04EC0-301F-11D3-BF4B-00C04F79EFBC}") = "AtCoderRegularContest106.Test", "AtCoderRegularContest106\AtCoderRegularContest106.Test\AtCoderRegularContest106.Test.csproj", "{FD79B5C7-39D6-48E3-B0EE-4233560D0EB2}"
EndProject
Global
	GlobalSection(SolutionConfigurationPlatforms) = preSolution
		Debug|Any CPU = Debug|Any CPU
		Release|Any CPU = Release|Any CPU
	EndGlobalSection
	GlobalSection(ProjectConfigurationPlatforms) = postSolution
		{BCF90B0F-62E0-42CD-801B-F624129CD85C}.Debug|Any CPU.ActiveCfg = Debug|Any CPU
		{BCF90B0F-62E0-42CD-801B-F624129CD85C}.Debug|Any CPU.Build.0 = Debug|Any CPU
		{BCF90B0F-62E0-42CD-801B-F624129CD85C}.Release|Any CPU.ActiveCfg = Release|Any CPU
		{BCF90B0F-62E0-42CD-801B-F624129CD85C}.Release|Any CPU.Build.0 = Release|Any CPU
		{FD79B5C7-39D6-48E3-B0EE-4233560D0EB2}.Debug|Any CPU.ActiveCfg = Debug|Any CPU
		{FD79B5C7-39D6-48E3-B0EE-4233560D0EB2}.Debug|Any CPU.Build.0 = Debug|Any CPU
		{FD79B5C7-39D6-48E3-B0EE-4233560D0EB2}.Release|Any CPU.ActiveCfg = Release|Any CPU
		{FD79B5C7-39D6-48E3-B0EE-4233560D0EB2}.Release|Any CPU.Build.0 = Release|Any CPU
	EndGlobalSection
	GlobalSection(SolutionProperties) = preSolution
		HideSolutionNode = FALSE
	EndGlobalSection
	GlobalSection(ExtensibilityGlobals) = postSolution
		SolutionGuid = {5FB5E9FA-25C4-4844-8D40-805ADB89DDCB}
	EndGlobalSection
EndGlobal
