
Microsoft Visual Studio Solution File, Format Version 12.00
# Visual Studio Version 16
VisualStudioVersion = 16.0.30002.166
MinimumVisualStudioVersion = 10.0.40219.1
Project("{FAE04EC0-301F-11D3-BF4B-00C04F79EFBC}") = "AtCoderBeginnerContest150", "AtCoderBeginnerContest150\AtCoderBeginnerContest150\AtCoderBeginnerContest150.csproj", "{9342CDE7-D8F8-42B8-83EC-0C214DE089FC}"
EndProject
Project("{FAE04EC0-301F-11D3-BF4B-00C04F79EFBC}") = "AtCoderBeginnerContest150.Test", "AtCoderBeginnerContest150\AtCoderBeginnerContest150.Test\AtCoderBeginnerContest150.Test.csproj", "{71EEAE22-C472-478B-928B-BC768AA468F2}"
EndProject
Global
	GlobalSection(SolutionConfigurationPlatforms) = preSolution
		Debug|Any CPU = Debug|Any CPU
		Release|Any CPU = Release|Any CPU
	EndGlobalSection
	GlobalSection(ProjectConfigurationPlatforms) = postSolution
		{9342CDE7-D8F8-42B8-83EC-0C214DE089FC}.Debug|Any CPU.ActiveCfg = Debug|Any CPU
		{9342CDE7-D8F8-42B8-83EC-0C214DE089FC}.Debug|Any CPU.Build.0 = Debug|Any CPU
		{9342CDE7-D8F8-42B8-83EC-0C214DE089FC}.Release|Any CPU.ActiveCfg = Release|Any CPU
		{9342CDE7-D8F8-42B8-83EC-0C214DE089FC}.Release|Any CPU.Build.0 = Release|Any CPU
		{71EEAE22-C472-478B-928B-BC768AA468F2}.Debug|Any CPU.ActiveCfg = Debug|Any CPU
		{71EEAE22-C472-478B-928B-BC768AA468F2}.Debug|Any CPU.Build.0 = Debug|Any CPU
		{71EEAE22-C472-478B-928B-BC768AA468F2}.Release|Any CPU.ActiveCfg = Release|Any CPU
		{71EEAE22-C472-478B-928B-BC768AA468F2}.Release|Any CPU.Build.0 = Release|Any CPU
	EndGlobalSection
	GlobalSection(SolutionProperties) = preSolution
		HideSolutionNode = FALSE
	EndGlobalSection
	GlobalSection(ExtensibilityGlobals) = postSolution
		SolutionGuid = {5ABFB7A2-4BC6-48CC-AC26-F68D78F3FE6C}
	EndGlobalSection
EndGlobal
