
Microsoft Visual Studio Solution File, Format Version 12.00
# Visual Studio Version 16
VisualStudioVersion = 16.0.30011.22
MinimumVisualStudioVersion = 10.0.40219.1
Project("{FAE04EC0-301F-11D3-BF4B-00C04F79EFBC}") = "Yorukatsu019", "Yorukatsu019\Yorukatsu019\Yorukatsu019.csproj", "{40448DDE-2A88-4101-8816-DB9FD0935C6D}"
EndProject
Project("{FAE04EC0-301F-11D3-BF4B-00C04F79EFBC}") = "Yorukatsu019.Test", "Yorukatsu019\Yorukatsu019.Test\Yorukatsu019.Test.csproj", "{A08C2FB3-B5DC-4CBE-8BA1-3703A93D0764}"
EndProject
Global
	GlobalSection(SolutionConfigurationPlatforms) = preSolution
		Debug|Any CPU = Debug|Any CPU
		Release|Any CPU = Release|Any CPU
	EndGlobalSection
	GlobalSection(ProjectConfigurationPlatforms) = postSolution
		{40448DDE-2A88-4101-8816-DB9FD0935C6D}.Debug|Any CPU.ActiveCfg = Debug|Any CPU
		{40448DDE-2A88-4101-8816-DB9FD0935C6D}.Debug|Any CPU.Build.0 = Debug|Any CPU
		{40448DDE-2A88-4101-8816-DB9FD0935C6D}.Release|Any CPU.ActiveCfg = Release|Any CPU
		{40448DDE-2A88-4101-8816-DB9FD0935C6D}.Release|Any CPU.Build.0 = Release|Any CPU
		{A08C2FB3-B5DC-4CBE-8BA1-3703A93D0764}.Debug|Any CPU.ActiveCfg = Debug|Any CPU
		{A08C2FB3-B5DC-4CBE-8BA1-3703A93D0764}.Debug|Any CPU.Build.0 = Debug|Any CPU
		{A08C2FB3-B5DC-4CBE-8BA1-3703A93D0764}.Release|Any CPU.ActiveCfg = Release|Any CPU
		{A08C2FB3-B5DC-4CBE-8BA1-3703A93D0764}.Release|Any CPU.Build.0 = Release|Any CPU
	EndGlobalSection
	GlobalSection(SolutionProperties) = preSolution
		HideSolutionNode = FALSE
	EndGlobalSection
	GlobalSection(ExtensibilityGlobals) = postSolution
		SolutionGuid = {2085E36D-9B7E-417D-BC33-AB87DB47CC6B}
	EndGlobalSection
EndGlobal
