
Microsoft Visual Studio Solution File, Format Version 12.00
# Visual Studio Version 16
VisualStudioVersion = 16.0.30002.166
MinimumVisualStudioVersion = 10.0.40219.1
Project("{FAE04EC0-301F-11D3-BF4B-00C04F79EFBC}") = "AtCoderBeginnerContest156", "AtCoderBeginnerContest156\AtCoderBeginnerContest156\AtCoderBeginnerContest156.csproj", "{C7EC8FFF-719C-473B-A157-F225A3B91818}"
EndProject
Project("{FAE04EC0-301F-11D3-BF4B-00C04F79EFBC}") = "AtCoderBeginnerContest156.Test", "AtCoderBeginnerContest156\AtCoderBeginnerContest156.Test\AtCoderBeginnerContest156.Test.csproj", "{BA30E8C1-7642-4F36-B15B-7D1C67880293}"
EndProject
Global
	GlobalSection(SolutionConfigurationPlatforms) = preSolution
		Debug|Any CPU = Debug|Any CPU
		Release|Any CPU = Release|Any CPU
	EndGlobalSection
	GlobalSection(ProjectConfigurationPlatforms) = postSolution
		{C7EC8FFF-719C-473B-A157-F225A3B91818}.Debug|Any CPU.ActiveCfg = Debug|Any CPU
		{C7EC8FFF-719C-473B-A157-F225A3B91818}.Debug|Any CPU.Build.0 = Debug|Any CPU
		{C7EC8FFF-719C-473B-A157-F225A3B91818}.Release|Any CPU.ActiveCfg = Release|Any CPU
		{C7EC8FFF-719C-473B-A157-F225A3B91818}.Release|Any CPU.Build.0 = Release|Any CPU
		{BA30E8C1-7642-4F36-B15B-7D1C67880293}.Debug|Any CPU.ActiveCfg = Debug|Any CPU
		{BA30E8C1-7642-4F36-B15B-7D1C67880293}.Debug|Any CPU.Build.0 = Debug|Any CPU
		{BA30E8C1-7642-4F36-B15B-7D1C67880293}.Release|Any CPU.ActiveCfg = Release|Any CPU
		{BA30E8C1-7642-4F36-B15B-7D1C67880293}.Release|Any CPU.Build.0 = Release|Any CPU
	EndGlobalSection
	GlobalSection(SolutionProperties) = preSolution
		HideSolutionNode = FALSE
	EndGlobalSection
	GlobalSection(ExtensibilityGlobals) = postSolution
		SolutionGuid = {5A03F1B0-0D4E-489E-88FA-562D1CADB0A1}
	EndGlobalSection
EndGlobal
