
Microsoft Visual Studio Solution File, Format Version 12.00
# Visual Studio Version 16
VisualStudioVersion = 16.0.30114.105
MinimumVisualStudioVersion = 10.0.40219.1
Project("{FAE04EC0-301F-11D3-BF4B-00C04F79EFBC}") = "ConvolutionTest", "ConvolutionTest\ConvolutionTest.csproj", "{BC42A2C5-DFFF-4DA9-9D5E-58CF87BEEF91}"
EndProject
Project("{9A19103F-16F7-4668-BE54-9A1E7A4F7556}") = "AtCoderLibrary", "C:\Users\amats\source\repos\ac-library-cs\AtCoderLibrary\AtCoderLibrary.csproj", "{E5C0063C-5112-4B26-ACC3-C795C6298E37}"
EndProject
Global
	GlobalSection(SolutionConfigurationPlatforms) = preSolution
		Debug|Any CPU = Debug|Any CPU
		Release|Any CPU = Release|Any CPU
	EndGlobalSection
	GlobalSection(ProjectConfigurationPlatforms) = postSolution
		{BC42A2C5-DFFF-4DA9-9D5E-58CF87BEEF91}.Debug|Any CPU.ActiveCfg = Debug|Any CPU
		{BC42A2C5-DFFF-4DA9-9D5E-58CF87BEEF91}.Debug|Any CPU.Build.0 = Debug|Any CPU
		{BC42A2C5-DFFF-4DA9-9D5E-58CF87BEEF91}.Release|Any CPU.ActiveCfg = Release|Any CPU
		{BC42A2C5-DFFF-4DA9-9D5E-58CF87BEEF91}.Release|Any CPU.Build.0 = Release|Any CPU
		{E5C0063C-5112-4B26-ACC3-C795C6298E37}.Debug|Any CPU.ActiveCfg = Debug|Any CPU
		{E5C0063C-5112-4B26-ACC3-C795C6298E37}.Debug|Any CPU.Build.0 = Debug|Any CPU
		{E5C0063C-5112-4B26-ACC3-C795C6298E37}.Release|Any CPU.ActiveCfg = Release|Any CPU
		{E5C0063C-5112-4B26-ACC3-C795C6298E37}.Release|Any CPU.Build.0 = Release|Any CPU
	EndGlobalSection
	GlobalSection(SolutionProperties) = preSolution
		HideSolutionNode = FALSE
	EndGlobalSection
	GlobalSection(ExtensibilityGlobals) = postSolution
		SolutionGuid = {FF045BC5-2E7A-4159-9564-0DA045968B7C}
	EndGlobalSection
EndGlobal
