
Microsoft Visual Studio Solution File, Format Version 12.00
# Visual Studio Version 16
VisualStudioVersion = 16.0.30114.105
MinimumVisualStudioVersion = 10.0.40219.1
Project("{FAE04EC0-301F-11D3-BF4B-00C04F79EFBC}") = "Kujikatsu032", "Kujikatsu032\Kujikatsu032\Kujikatsu032.csproj", "{C9958B8C-2906-41D3-9B72-03ACB5479533}"
EndProject
Project("{FAE04EC0-301F-11D3-BF4B-00C04F79EFBC}") = "Kujikatsu032.Test", "Kujikatsu032\Kujikatsu032.Test\Kujikatsu032.Test.csproj", "{4D883CA0-F787-4AF3-9B94-5347F351FE1F}"
EndProject
Global
	GlobalSection(SolutionConfigurationPlatforms) = preSolution
		Debug|Any CPU = Debug|Any CPU
		Release|Any CPU = Release|Any CPU
	EndGlobalSection
	GlobalSection(ProjectConfigurationPlatforms) = postSolution
		{C9958B8C-2906-41D3-9B72-03ACB5479533}.Debug|Any CPU.ActiveCfg = Debug|Any CPU
		{C9958B8C-2906-41D3-9B72-03ACB5479533}.Debug|Any CPU.Build.0 = Debug|Any CPU
		{C9958B8C-2906-41D3-9B72-03ACB5479533}.Release|Any CPU.ActiveCfg = Release|Any CPU
		{C9958B8C-2906-41D3-9B72-03ACB5479533}.Release|Any CPU.Build.0 = Release|Any CPU
		{4D883CA0-F787-4AF3-9B94-5347F351FE1F}.Debug|Any CPU.ActiveCfg = Debug|Any CPU
		{4D883CA0-F787-4AF3-9B94-5347F351FE1F}.Debug|Any CPU.Build.0 = Debug|Any CPU
		{4D883CA0-F787-4AF3-9B94-5347F351FE1F}.Release|Any CPU.ActiveCfg = Release|Any CPU
		{4D883CA0-F787-4AF3-9B94-5347F351FE1F}.Release|Any CPU.Build.0 = Release|Any CPU
	EndGlobalSection
	GlobalSection(SolutionProperties) = preSolution
		HideSolutionNode = FALSE
	EndGlobalSection
	GlobalSection(ExtensibilityGlobals) = postSolution
		SolutionGuid = {686C04DE-4980-4656-B5D8-1015B145DAD9}
	EndGlobalSection
EndGlobal
