
Microsoft Visual Studio Solution File, Format Version 12.00
# Visual Studio Version 16
VisualStudioVersion = 16.0.30011.22
MinimumVisualStudioVersion = 10.0.40219.1
Project("{FAE04EC0-301F-11D3-BF4B-00C04F79EFBC}") = "AtCoderBeginnerContest116", "AtCoderBeginnerContest116\AtCoderBeginnerContest116\AtCoderBeginnerContest116.csproj", "{2707CB24-8132-46B2-89B2-C7F1829B4683}"
EndProject
Project("{FAE04EC0-301F-11D3-BF4B-00C04F79EFBC}") = "AtCoderBeginnerContest116.Test", "AtCoderBeginnerContest116\AtCoderBeginnerContest116.Test\AtCoderBeginnerContest116.Test.csproj", "{A8BED498-5C68-4A35-BD3A-86F7B047E1A4}"
EndProject
Global
	GlobalSection(SolutionConfigurationPlatforms) = preSolution
		Debug|Any CPU = Debug|Any CPU
		Release|Any CPU = Release|Any CPU
	EndGlobalSection
	GlobalSection(ProjectConfigurationPlatforms) = postSolution
		{2707CB24-8132-46B2-89B2-C7F1829B4683}.Debug|Any CPU.ActiveCfg = Debug|Any CPU
		{2707CB24-8132-46B2-89B2-C7F1829B4683}.Debug|Any CPU.Build.0 = Debug|Any CPU
		{2707CB24-8132-46B2-89B2-C7F1829B4683}.Release|Any CPU.ActiveCfg = Release|Any CPU
		{2707CB24-8132-46B2-89B2-C7F1829B4683}.Release|Any CPU.Build.0 = Release|Any CPU
		{A8BED498-5C68-4A35-BD3A-86F7B047E1A4}.Debug|Any CPU.ActiveCfg = Debug|Any CPU
		{A8BED498-5C68-4A35-BD3A-86F7B047E1A4}.Debug|Any CPU.Build.0 = Debug|Any CPU
		{A8BED498-5C68-4A35-BD3A-86F7B047E1A4}.Release|Any CPU.ActiveCfg = Release|Any CPU
		{A8BED498-5C68-4A35-BD3A-86F7B047E1A4}.Release|Any CPU.Build.0 = Release|Any CPU
	EndGlobalSection
	GlobalSection(SolutionProperties) = preSolution
		HideSolutionNode = FALSE
	EndGlobalSection
	GlobalSection(ExtensibilityGlobals) = postSolution
		SolutionGuid = {C249F19E-83FF-4639-A2EF-6DAD48476BEC}
	EndGlobalSection
EndGlobal
