
Microsoft Visual Studio Solution File, Format Version 12.00
# Visual Studio Version 16
VisualStudioVersion = 16.0.30011.22
MinimumVisualStudioVersion = 10.0.40219.1
Project("{FAE04EC0-301F-11D3-BF4B-00C04F79EFBC}") = "Yorukatsu031", "Yorukatsu031\Yorukatsu031\Yorukatsu031.csproj", "{732009A4-84EF-4532-874B-6CA3F09BF1DF}"
EndProject
Project("{FAE04EC0-301F-11D3-BF4B-00C04F79EFBC}") = "Yorukatsu031.Test", "Yorukatsu031\Yorukatsu031.Test\Yorukatsu031.Test.csproj", "{0AC2CA71-B7F7-46C7-9C97-30F3F87F4DFE}"
EndProject
Global
	GlobalSection(SolutionConfigurationPlatforms) = preSolution
		Debug|Any CPU = Debug|Any CPU
		Release|Any CPU = Release|Any CPU
	EndGlobalSection
	GlobalSection(ProjectConfigurationPlatforms) = postSolution
		{732009A4-84EF-4532-874B-6CA3F09BF1DF}.Debug|Any CPU.ActiveCfg = Debug|Any CPU
		{732009A4-84EF-4532-874B-6CA3F09BF1DF}.Debug|Any CPU.Build.0 = Debug|Any CPU
		{732009A4-84EF-4532-874B-6CA3F09BF1DF}.Release|Any CPU.ActiveCfg = Release|Any CPU
		{732009A4-84EF-4532-874B-6CA3F09BF1DF}.Release|Any CPU.Build.0 = Release|Any CPU
		{0AC2CA71-B7F7-46C7-9C97-30F3F87F4DFE}.Debug|Any CPU.ActiveCfg = Debug|Any CPU
		{0AC2CA71-B7F7-46C7-9C97-30F3F87F4DFE}.Debug|Any CPU.Build.0 = Debug|Any CPU
		{0AC2CA71-B7F7-46C7-9C97-30F3F87F4DFE}.Release|Any CPU.ActiveCfg = Release|Any CPU
		{0AC2CA71-B7F7-46C7-9C97-30F3F87F4DFE}.Release|Any CPU.Build.0 = Release|Any CPU
	EndGlobalSection
	GlobalSection(SolutionProperties) = preSolution
		HideSolutionNode = FALSE
	EndGlobalSection
	GlobalSection(ExtensibilityGlobals) = postSolution
		SolutionGuid = {DC273BAB-5B13-4E0C-A2B6-228DAE283700}
	EndGlobalSection
EndGlobal
