
Microsoft Visual Studio Solution File, Format Version 12.00
# Visual Studio Version 16
VisualStudioVersion = 16.0.30114.105
MinimumVisualStudioVersion = 10.0.40219.1
Project("{FAE04EC0-301F-11D3-BF4B-00C04F79EFBC}") = "Training20200912", "Training20200912\Training20200912\Training20200912.csproj", "{769214D0-2911-4FE3-B56F-90FA8C1A5EC0}"
EndProject
Project("{FAE04EC0-301F-11D3-BF4B-00C04F79EFBC}") = "Training20200912.Test", "Training20200912\Training20200912.Test\Training20200912.Test.csproj", "{35688844-1C0F-497F-9EE0-D25FA3248E3C}"
EndProject
Global
	GlobalSection(SolutionConfigurationPlatforms) = preSolution
		Debug|Any CPU = Debug|Any CPU
		Release|Any CPU = Release|Any CPU
	EndGlobalSection
	GlobalSection(ProjectConfigurationPlatforms) = postSolution
		{769214D0-2911-4FE3-B56F-90FA8C1A5EC0}.Debug|Any CPU.ActiveCfg = Debug|Any CPU
		{769214D0-2911-4FE3-B56F-90FA8C1A5EC0}.Debug|Any CPU.Build.0 = Debug|Any CPU
		{769214D0-2911-4FE3-B56F-90FA8C1A5EC0}.Release|Any CPU.ActiveCfg = Release|Any CPU
		{769214D0-2911-4FE3-B56F-90FA8C1A5EC0}.Release|Any CPU.Build.0 = Release|Any CPU
		{35688844-1C0F-497F-9EE0-D25FA3248E3C}.Debug|Any CPU.ActiveCfg = Debug|Any CPU
		{35688844-1C0F-497F-9EE0-D25FA3248E3C}.Debug|Any CPU.Build.0 = Debug|Any CPU
		{35688844-1C0F-497F-9EE0-D25FA3248E3C}.Release|Any CPU.ActiveCfg = Release|Any CPU
		{35688844-1C0F-497F-9EE0-D25FA3248E3C}.Release|Any CPU.Build.0 = Release|Any CPU
	EndGlobalSection
	GlobalSection(SolutionProperties) = preSolution
		HideSolutionNode = FALSE
	EndGlobalSection
	GlobalSection(ExtensibilityGlobals) = postSolution
		SolutionGuid = {58EC518C-E56E-4162-8215-7CAA007B4B67}
	EndGlobalSection
EndGlobal
