
Microsoft Visual Studio Solution File, Format Version 12.00
# Visual Studio Version 16
VisualStudioVersion = 16.0.30114.105
MinimumVisualStudioVersion = 10.0.40219.1
Project("{FAE04EC0-301F-11D3-BF4B-00C04F79EFBC}") = "ModIntTest", "ModIntTest\ModIntTest.csproj", "{B6F35356-0B47-46C9-92B5-3824702BF7D7}"
EndProject
Project("{9A19103F-16F7-4668-BE54-9A1E7A4F7556}") = "AtCoderLibrary", "C:\Users\amats\source\repos\ac-library-cs\AtCoderLibrary\AtCoderLibrary.csproj", "{2CE64815-8B77-4A08-A399-FA938F35E7D0}"
EndProject
Global
	GlobalSection(SolutionConfigurationPlatforms) = preSolution
		Debug|Any CPU = Debug|Any CPU
		Release|Any CPU = Release|Any CPU
	EndGlobalSection
	GlobalSection(ProjectConfigurationPlatforms) = postSolution
		{B6F35356-0B47-46C9-92B5-3824702BF7D7}.Debug|Any CPU.ActiveCfg = Debug|Any CPU
		{B6F35356-0B47-46C9-92B5-3824702BF7D7}.Debug|Any CPU.Build.0 = Debug|Any CPU
		{B6F35356-0B47-46C9-92B5-3824702BF7D7}.Release|Any CPU.ActiveCfg = Release|Any CPU
		{B6F35356-0B47-46C9-92B5-3824702BF7D7}.Release|Any CPU.Build.0 = Release|Any CPU
		{2CE64815-8B77-4A08-A399-FA938F35E7D0}.Debug|Any CPU.ActiveCfg = Debug|Any CPU
		{2CE64815-8B77-4A08-A399-FA938F35E7D0}.Debug|Any CPU.Build.0 = Debug|Any CPU
		{2CE64815-8B77-4A08-A399-FA938F35E7D0}.Release|Any CPU.ActiveCfg = Release|Any CPU
		{2CE64815-8B77-4A08-A399-FA938F35E7D0}.Release|Any CPU.Build.0 = Release|Any CPU
	EndGlobalSection
	GlobalSection(SolutionProperties) = preSolution
		HideSolutionNode = FALSE
	EndGlobalSection
	GlobalSection(ExtensibilityGlobals) = postSolution
		SolutionGuid = {C2C7A744-A782-4565-99DC-C95B5E05F31E}
	EndGlobalSection
EndGlobal
