
Microsoft Visual Studio Solution File, Format Version 12.00
# Visual Studio Version 16
VisualStudioVersion = 16.0.30114.105
MinimumVisualStudioVersion = 10.0.40219.1
Project("{FAE04EC0-301F-11D3-BF4B-00C04F79EFBC}") = "ACPC2020Day3", "ACPC2020Day3\ACPC2020Day3\ACPC2020Day3.csproj", "{C7D0E15C-3206-45F7-A41F-952A31E7E551}"
EndProject
Project("{FAE04EC0-301F-11D3-BF4B-00C04F79EFBC}") = "ACPC2020Day3.Test", "ACPC2020Day3\ACPC2020Day3.Test\ACPC2020Day3.Test.csproj", "{03D59182-160B-4390-8E06-208BF43C1BA3}"
EndProject
Global
	GlobalSection(SolutionConfigurationPlatforms) = preSolution
		Debug|Any CPU = Debug|Any CPU
		Release|Any CPU = Release|Any CPU
	EndGlobalSection
	GlobalSection(ProjectConfigurationPlatforms) = postSolution
		{C7D0E15C-3206-45F7-A41F-952A31E7E551}.Debug|Any CPU.ActiveCfg = Debug|Any CPU
		{C7D0E15C-3206-45F7-A41F-952A31E7E551}.Debug|Any CPU.Build.0 = Debug|Any CPU
		{C7D0E15C-3206-45F7-A41F-952A31E7E551}.Release|Any CPU.ActiveCfg = Release|Any CPU
		{C7D0E15C-3206-45F7-A41F-952A31E7E551}.Release|Any CPU.Build.0 = Release|Any CPU
		{03D59182-160B-4390-8E06-208BF43C1BA3}.Debug|Any CPU.ActiveCfg = Debug|Any CPU
		{03D59182-160B-4390-8E06-208BF43C1BA3}.Debug|Any CPU.Build.0 = Debug|Any CPU
		{03D59182-160B-4390-8E06-208BF43C1BA3}.Release|Any CPU.ActiveCfg = Release|Any CPU
		{03D59182-160B-4390-8E06-208BF43C1BA3}.Release|Any CPU.Build.0 = Release|Any CPU
	EndGlobalSection
	GlobalSection(SolutionProperties) = preSolution
		HideSolutionNode = FALSE
	EndGlobalSection
	GlobalSection(ExtensibilityGlobals) = postSolution
		SolutionGuid = {607D02C2-B309-4A1D-8366-8E57AB92BA86}
	EndGlobalSection
EndGlobal
