
Microsoft Visual Studio Solution File, Format Version 12.00
# Visual Studio Version 16
VisualStudioVersion = 16.0.30114.105
MinimumVisualStudioVersion = 10.0.40219.1
Project("{FAE04EC0-301F-11D3-BF4B-00C04F79EFBC}") = "Training20200730", "Training20200730\Training20200730\Training20200730.csproj", "{0E3C68DB-41A6-41B8-B79C-955E47E300DC}"
EndProject
Project("{FAE04EC0-301F-11D3-BF4B-00C04F79EFBC}") = "Training20200730.Test", "Training20200730\Training20200730.Test\Training20200730.Test.csproj", "{035DD3AF-2E69-4E97-AFF2-8816461A3C21}"
EndProject
Global
	GlobalSection(SolutionConfigurationPlatforms) = preSolution
		Debug|Any CPU = Debug|Any CPU
		Release|Any CPU = Release|Any CPU
	EndGlobalSection
	GlobalSection(ProjectConfigurationPlatforms) = postSolution
		{0E3C68DB-41A6-41B8-B79C-955E47E300DC}.Debug|Any CPU.ActiveCfg = Debug|Any CPU
		{0E3C68DB-41A6-41B8-B79C-955E47E300DC}.Debug|Any CPU.Build.0 = Debug|Any CPU
		{0E3C68DB-41A6-41B8-B79C-955E47E300DC}.Release|Any CPU.ActiveCfg = Release|Any CPU
		{0E3C68DB-41A6-41B8-B79C-955E47E300DC}.Release|Any CPU.Build.0 = Release|Any CPU
		{035DD3AF-2E69-4E97-AFF2-8816461A3C21}.Debug|Any CPU.ActiveCfg = Debug|Any CPU
		{035DD3AF-2E69-4E97-AFF2-8816461A3C21}.Debug|Any CPU.Build.0 = Debug|Any CPU
		{035DD3AF-2E69-4E97-AFF2-8816461A3C21}.Release|Any CPU.ActiveCfg = Release|Any CPU
		{035DD3AF-2E69-4E97-AFF2-8816461A3C21}.Release|Any CPU.Build.0 = Release|Any CPU
	EndGlobalSection
	GlobalSection(SolutionProperties) = preSolution
		HideSolutionNode = FALSE
	EndGlobalSection
	GlobalSection(ExtensibilityGlobals) = postSolution
		SolutionGuid = {FB8B8E82-BB9E-447C-B23B-8699E9549CD5}
	EndGlobalSection
EndGlobal
