
Microsoft Visual Studio Solution File, Format Version 12.00
# Visual Studio Version 16
VisualStudioVersion = 16.0.30114.105
MinimumVisualStudioVersion = 10.0.40219.1
Project("{FAE04EC0-301F-11D3-BF4B-00C04F79EFBC}") = "Training20200808", "Training20200808\Training20200808\Training20200808.csproj", "{3052484A-948E-4DEB-BE8B-BCB6DE2A8285}"
EndProject
Project("{FAE04EC0-301F-11D3-BF4B-00C04F79EFBC}") = "Training20200808.Test", "Training20200808\Training20200808.Test\Training20200808.Test.csproj", "{3BC42FDA-0254-4BEA-BFA8-451647622372}"
EndProject
Global
	GlobalSection(SolutionConfigurationPlatforms) = preSolution
		Debug|Any CPU = Debug|Any CPU
		Release|Any CPU = Release|Any CPU
	EndGlobalSection
	GlobalSection(ProjectConfigurationPlatforms) = postSolution
		{3052484A-948E-4DEB-BE8B-BCB6DE2A8285}.Debug|Any CPU.ActiveCfg = Debug|Any CPU
		{3052484A-948E-4DEB-BE8B-BCB6DE2A8285}.Debug|Any CPU.Build.0 = Debug|Any CPU
		{3052484A-948E-4DEB-BE8B-BCB6DE2A8285}.Release|Any CPU.ActiveCfg = Release|Any CPU
		{3052484A-948E-4DEB-BE8B-BCB6DE2A8285}.Release|Any CPU.Build.0 = Release|Any CPU
		{3BC42FDA-0254-4BEA-BFA8-451647622372}.Debug|Any CPU.ActiveCfg = Debug|Any CPU
		{3BC42FDA-0254-4BEA-BFA8-451647622372}.Debug|Any CPU.Build.0 = Debug|Any CPU
		{3BC42FDA-0254-4BEA-BFA8-451647622372}.Release|Any CPU.ActiveCfg = Release|Any CPU
		{3BC42FDA-0254-4BEA-BFA8-451647622372}.Release|Any CPU.Build.0 = Release|Any CPU
	EndGlobalSection
	GlobalSection(SolutionProperties) = preSolution
		HideSolutionNode = FALSE
	EndGlobalSection
	GlobalSection(ExtensibilityGlobals) = postSolution
		SolutionGuid = {F632C785-5D75-416D-AFE2-4E9A45C062F3}
	EndGlobalSection
EndGlobal
