
Microsoft Visual Studio Solution File, Format Version 12.00
# Visual Studio Version 16
VisualStudioVersion = 16.0.30114.105
MinimumVisualStudioVersion = 10.0.40219.1
Project("{FAE04EC0-301F-11D3-BF4B-00C04F79EFBC}") = "Kujikatsu035", "Kujikatsu035\Kujikatsu035\Kujikatsu035.csproj", "{8A5A5226-611B-4A09-866E-E61243D49384}"
EndProject
Project("{FAE04EC0-301F-11D3-BF4B-00C04F79EFBC}") = "Kujikatsu035.Test", "Kujikatsu035\Kujikatsu035.Test\Kujikatsu035.Test.csproj", "{927D4DDF-6DAF-4DAB-86E2-76F555E9CDFB}"
EndProject
Global
	GlobalSection(SolutionConfigurationPlatforms) = preSolution
		Debug|Any CPU = Debug|Any CPU
		Release|Any CPU = Release|Any CPU
	EndGlobalSection
	GlobalSection(ProjectConfigurationPlatforms) = postSolution
		{8A5A5226-611B-4A09-866E-E61243D49384}.Debug|Any CPU.ActiveCfg = Debug|Any CPU
		{8A5A5226-611B-4A09-866E-E61243D49384}.Debug|Any CPU.Build.0 = Debug|Any CPU
		{8A5A5226-611B-4A09-866E-E61243D49384}.Release|Any CPU.ActiveCfg = Release|Any CPU
		{8A5A5226-611B-4A09-866E-E61243D49384}.Release|Any CPU.Build.0 = Release|Any CPU
		{927D4DDF-6DAF-4DAB-86E2-76F555E9CDFB}.Debug|Any CPU.ActiveCfg = Debug|Any CPU
		{927D4DDF-6DAF-4DAB-86E2-76F555E9CDFB}.Debug|Any CPU.Build.0 = Debug|Any CPU
		{927D4DDF-6DAF-4DAB-86E2-76F555E9CDFB}.Release|Any CPU.ActiveCfg = Release|Any CPU
		{927D4DDF-6DAF-4DAB-86E2-76F555E9CDFB}.Release|Any CPU.Build.0 = Release|Any CPU
	EndGlobalSection
	GlobalSection(SolutionProperties) = preSolution
		HideSolutionNode = FALSE
	EndGlobalSection
	GlobalSection(ExtensibilityGlobals) = postSolution
		SolutionGuid = {AD3E913C-83E6-4F86-9B03-F3331AB1521A}
	EndGlobalSection
EndGlobal
