
Microsoft Visual Studio Solution File, Format Version 12.00
# Visual Studio Version 16
VisualStudioVersion = 16.0.30114.105
MinimumVisualStudioVersion = 10.0.40219.1
Project("{FAE04EC0-301F-11D3-BF4B-00C04F79EFBC}") = "AtCoderBeginnerContest170", "AtCoderBeginnerContest170\AtCoderBeginnerContest170\AtCoderBeginnerContest170.csproj", "{7D815215-578D-414B-8831-92635164ABA6}"
EndProject
Project("{FAE04EC0-301F-11D3-BF4B-00C04F79EFBC}") = "AtCoderBeginnerContest170.Test", "AtCoderBeginnerContest170\AtCoderBeginnerContest170.Test\AtCoderBeginnerContest170.Test.csproj", "{38A21A36-D867-43F4-8EB5-78ABA87AB0D5}"
EndProject
Global
	GlobalSection(SolutionConfigurationPlatforms) = preSolution
		Debug|Any CPU = Debug|Any CPU
		Release|Any CPU = Release|Any CPU
	EndGlobalSection
	GlobalSection(ProjectConfigurationPlatforms) = postSolution
		{7D815215-578D-414B-8831-92635164ABA6}.Debug|Any CPU.ActiveCfg = Debug|Any CPU
		{7D815215-578D-414B-8831-92635164ABA6}.Debug|Any CPU.Build.0 = Debug|Any CPU
		{7D815215-578D-414B-8831-92635164ABA6}.Release|Any CPU.ActiveCfg = Release|Any CPU
		{7D815215-578D-414B-8831-92635164ABA6}.Release|Any CPU.Build.0 = Release|Any CPU
		{38A21A36-D867-43F4-8EB5-78ABA87AB0D5}.Debug|Any CPU.ActiveCfg = Debug|Any CPU
		{38A21A36-D867-43F4-8EB5-78ABA87AB0D5}.Debug|Any CPU.Build.0 = Debug|Any CPU
		{38A21A36-D867-43F4-8EB5-78ABA87AB0D5}.Release|Any CPU.ActiveCfg = Release|Any CPU
		{38A21A36-D867-43F4-8EB5-78ABA87AB0D5}.Release|Any CPU.Build.0 = Release|Any CPU
	EndGlobalSection
	GlobalSection(SolutionProperties) = preSolution
		HideSolutionNode = FALSE
	EndGlobalSection
	GlobalSection(ExtensibilityGlobals) = postSolution
		SolutionGuid = {0467B021-728E-499B-80E2-76967D4A01C6}
	EndGlobalSection
EndGlobal
