
Microsoft Visual Studio Solution File, Format Version 12.00
# Visual Studio Version 16
VisualStudioVersion = 16.0.30114.105
MinimumVisualStudioVersion = 10.0.40219.1
Project("{FAE04EC0-301F-11D3-BF4B-00C04F79EFBC}") = "Kujikatsu059", "Kujikatsu059\Kujikatsu059\Kujikatsu059.csproj", "{BB3BE35F-6248-43D5-9D67-34E633922947}"
EndProject
Project("{FAE04EC0-301F-11D3-BF4B-00C04F79EFBC}") = "Kujikatsu059.Test", "Kujikatsu059\Kujikatsu059.Test\Kujikatsu059.Test.csproj", "{A7B8FF1E-CC3F-451E-A756-D08A923C496D}"
EndProject
Global
	GlobalSection(SolutionConfigurationPlatforms) = preSolution
		Debug|Any CPU = Debug|Any CPU
		Release|Any CPU = Release|Any CPU
	EndGlobalSection
	GlobalSection(ProjectConfigurationPlatforms) = postSolution
		{BB3BE35F-6248-43D5-9D67-34E633922947}.Debug|Any CPU.ActiveCfg = Debug|Any CPU
		{BB3BE35F-6248-43D5-9D67-34E633922947}.Debug|Any CPU.Build.0 = Debug|Any CPU
		{BB3BE35F-6248-43D5-9D67-34E633922947}.Release|Any CPU.ActiveCfg = Release|Any CPU
		{BB3BE35F-6248-43D5-9D67-34E633922947}.Release|Any CPU.Build.0 = Release|Any CPU
		{A7B8FF1E-CC3F-451E-A756-D08A923C496D}.Debug|Any CPU.ActiveCfg = Debug|Any CPU
		{A7B8FF1E-CC3F-451E-A756-D08A923C496D}.Debug|Any CPU.Build.0 = Debug|Any CPU
		{A7B8FF1E-CC3F-451E-A756-D08A923C496D}.Release|Any CPU.ActiveCfg = Release|Any CPU
		{A7B8FF1E-CC3F-451E-A756-D08A923C496D}.Release|Any CPU.Build.0 = Release|Any CPU
	EndGlobalSection
	GlobalSection(SolutionProperties) = preSolution
		HideSolutionNode = FALSE
	EndGlobalSection
	GlobalSection(ExtensibilityGlobals) = postSolution
		SolutionGuid = {4EC7A8C2-895A-4104-88F5-410C5ADCE35D}
	EndGlobalSection
EndGlobal
