
Microsoft Visual Studio Solution File, Format Version 12.00
# Visual Studio Version 16
VisualStudioVersion = 16.0.30114.105
MinimumVisualStudioVersion = 10.0.40219.1
Project("{FAE04EC0-301F-11D3-BF4B-00C04F79EFBC}") = "Training20200605", "Training20200605\Training20200605\Training20200605.csproj", "{FEB1BFBE-2F5E-4EE4-B5B3-01C6C6939E49}"
EndProject
Project("{FAE04EC0-301F-11D3-BF4B-00C04F79EFBC}") = "Training20200605.Test", "Training20200605\Training20200605.Test\Training20200605.Test.csproj", "{CFDDB691-EC9F-43C2-A4CB-F449EE417472}"
EndProject
Global
	GlobalSection(SolutionConfigurationPlatforms) = preSolution
		Debug|Any CPU = Debug|Any CPU
		Release|Any CPU = Release|Any CPU
	EndGlobalSection
	GlobalSection(ProjectConfigurationPlatforms) = postSolution
		{FEB1BFBE-2F5E-4EE4-B5B3-01C6C6939E49}.Debug|Any CPU.ActiveCfg = Debug|Any CPU
		{FEB1BFBE-2F5E-4EE4-B5B3-01C6C6939E49}.Debug|Any CPU.Build.0 = Debug|Any CPU
		{FEB1BFBE-2F5E-4EE4-B5B3-01C6C6939E49}.Release|Any CPU.ActiveCfg = Release|Any CPU
		{FEB1BFBE-2F5E-4EE4-B5B3-01C6C6939E49}.Release|Any CPU.Build.0 = Release|Any CPU
		{CFDDB691-EC9F-43C2-A4CB-F449EE417472}.Debug|Any CPU.ActiveCfg = Debug|Any CPU
		{CFDDB691-EC9F-43C2-A4CB-F449EE417472}.Debug|Any CPU.Build.0 = Debug|Any CPU
		{CFDDB691-EC9F-43C2-A4CB-F449EE417472}.Release|Any CPU.ActiveCfg = Release|Any CPU
		{CFDDB691-EC9F-43C2-A4CB-F449EE417472}.Release|Any CPU.Build.0 = Release|Any CPU
	EndGlobalSection
	GlobalSection(SolutionProperties) = preSolution
		HideSolutionNode = FALSE
	EndGlobalSection
	GlobalSection(ExtensibilityGlobals) = postSolution
		SolutionGuid = {518A940F-8437-4D69-AAB8-48857E953611}
	EndGlobalSection
EndGlobal
