
Microsoft Visual Studio Solution File, Format Version 12.00
# Visual Studio Version 16
VisualStudioVersion = 16.0.30114.105
MinimumVisualStudioVersion = 10.0.40219.1
Project("{FAE04EC0-301F-11D3-BF4B-00C04F79EFBC}") = "Training20201023", "Training20201023\Training20201023\Training20201023.csproj", "{5166147A-F54D-4F76-894A-608EA87C66FF}"
EndProject
Project("{FAE04EC0-301F-11D3-BF4B-00C04F79EFBC}") = "Training20201023.Test", "Training20201023\Training20201023.Test\Training20201023.Test.csproj", "{D7D24A19-F70B-411D-B4AD-6251370968F5}"
EndProject
Global
	GlobalSection(SolutionConfigurationPlatforms) = preSolution
		Debug|Any CPU = Debug|Any CPU
		Release|Any CPU = Release|Any CPU
	EndGlobalSection
	GlobalSection(ProjectConfigurationPlatforms) = postSolution
		{5166147A-F54D-4F76-894A-608EA87C66FF}.Debug|Any CPU.ActiveCfg = Debug|Any CPU
		{5166147A-F54D-4F76-894A-608EA87C66FF}.Debug|Any CPU.Build.0 = Debug|Any CPU
		{5166147A-F54D-4F76-894A-608EA87C66FF}.Release|Any CPU.ActiveCfg = Release|Any CPU
		{5166147A-F54D-4F76-894A-608EA87C66FF}.Release|Any CPU.Build.0 = Release|Any CPU
		{D7D24A19-F70B-411D-B4AD-6251370968F5}.Debug|Any CPU.ActiveCfg = Debug|Any CPU
		{D7D24A19-F70B-411D-B4AD-6251370968F5}.Debug|Any CPU.Build.0 = Debug|Any CPU
		{D7D24A19-F70B-411D-B4AD-6251370968F5}.Release|Any CPU.ActiveCfg = Release|Any CPU
		{D7D24A19-F70B-411D-B4AD-6251370968F5}.Release|Any CPU.Build.0 = Release|Any CPU
	EndGlobalSection
	GlobalSection(SolutionProperties) = preSolution
		HideSolutionNode = FALSE
	EndGlobalSection
	GlobalSection(ExtensibilityGlobals) = postSolution
		SolutionGuid = {5DD5A67F-C692-49F9-877F-06B3E65996E3}
	EndGlobalSection
EndGlobal
