
Microsoft Visual Studio Solution File, Format Version 12.00
# Visual Studio Version 16
VisualStudioVersion = 16.0.30114.105
MinimumVisualStudioVersion = 10.0.40219.1
Project("{FAE04EC0-301F-11D3-BF4B-00C04F79EFBC}") = "Training20200919", "Training20200919\Training20200919\Training20200919.csproj", "{0D760C80-4C5A-4BE5-838F-78216C746928}"
EndProject
Project("{FAE04EC0-301F-11D3-BF4B-00C04F79EFBC}") = "Training20200919.Test", "Training20200919\Training20200919.Test\Training20200919.Test.csproj", "{DA0020A0-C5BF-4145-A03D-6822FC145AAB}"
EndProject
Global
	GlobalSection(SolutionConfigurationPlatforms) = preSolution
		Debug|Any CPU = Debug|Any CPU
		Release|Any CPU = Release|Any CPU
	EndGlobalSection
	GlobalSection(ProjectConfigurationPlatforms) = postSolution
		{0D760C80-4C5A-4BE5-838F-78216C746928}.Debug|Any CPU.ActiveCfg = Debug|Any CPU
		{0D760C80-4C5A-4BE5-838F-78216C746928}.Debug|Any CPU.Build.0 = Debug|Any CPU
		{0D760C80-4C5A-4BE5-838F-78216C746928}.Release|Any CPU.ActiveCfg = Release|Any CPU
		{0D760C80-4C5A-4BE5-838F-78216C746928}.Release|Any CPU.Build.0 = Release|Any CPU
		{DA0020A0-C5BF-4145-A03D-6822FC145AAB}.Debug|Any CPU.ActiveCfg = Debug|Any CPU
		{DA0020A0-C5BF-4145-A03D-6822FC145AAB}.Debug|Any CPU.Build.0 = Debug|Any CPU
		{DA0020A0-C5BF-4145-A03D-6822FC145AAB}.Release|Any CPU.ActiveCfg = Release|Any CPU
		{DA0020A0-C5BF-4145-A03D-6822FC145AAB}.Release|Any CPU.Build.0 = Release|Any CPU
	EndGlobalSection
	GlobalSection(SolutionProperties) = preSolution
		HideSolutionNode = FALSE
	EndGlobalSection
	GlobalSection(ExtensibilityGlobals) = postSolution
		SolutionGuid = {2E2C3C8F-83A8-4617-BE48-643E19B5E4A8}
	EndGlobalSection
EndGlobal
