
Microsoft Visual Studio Solution File, Format Version 12.00
# Visual Studio Version 16
VisualStudioVersion = 16.0.30011.22
MinimumVisualStudioVersion = 10.0.40219.1
Project("{FAE04EC0-301F-11D3-BF4B-00C04F79EFBC}") = "AtCoderBeginnerContest149", "AtCoderBeginnerContest149\AtCoderBeginnerContest149\AtCoderBeginnerContest149.csproj", "{CB6BCB08-753F-43CF-8EA2-E079A1922A83}"
EndProject
Project("{FAE04EC0-301F-11D3-BF4B-00C04F79EFBC}") = "AtCoderBeginnerContest149.Test", "AtCoderBeginnerContest149\AtCoderBeginnerContest149.Test\AtCoderBeginnerContest149.Test.csproj", "{BF4B37AF-8449-4B01-8B9B-95345339BCDD}"
EndProject
Global
	GlobalSection(SolutionConfigurationPlatforms) = preSolution
		Debug|Any CPU = Debug|Any CPU
		Release|Any CPU = Release|Any CPU
	EndGlobalSection
	GlobalSection(ProjectConfigurationPlatforms) = postSolution
		{CB6BCB08-753F-43CF-8EA2-E079A1922A83}.Debug|Any CPU.ActiveCfg = Debug|Any CPU
		{CB6BCB08-753F-43CF-8EA2-E079A1922A83}.Debug|Any CPU.Build.0 = Debug|Any CPU
		{CB6BCB08-753F-43CF-8EA2-E079A1922A83}.Release|Any CPU.ActiveCfg = Release|Any CPU
		{CB6BCB08-753F-43CF-8EA2-E079A1922A83}.Release|Any CPU.Build.0 = Release|Any CPU
		{BF4B37AF-8449-4B01-8B9B-95345339BCDD}.Debug|Any CPU.ActiveCfg = Debug|Any CPU
		{BF4B37AF-8449-4B01-8B9B-95345339BCDD}.Debug|Any CPU.Build.0 = Debug|Any CPU
		{BF4B37AF-8449-4B01-8B9B-95345339BCDD}.Release|Any CPU.ActiveCfg = Release|Any CPU
		{BF4B37AF-8449-4B01-8B9B-95345339BCDD}.Release|Any CPU.Build.0 = Release|Any CPU
	EndGlobalSection
	GlobalSection(SolutionProperties) = preSolution
		HideSolutionNode = FALSE
	EndGlobalSection
	GlobalSection(ExtensibilityGlobals) = postSolution
		SolutionGuid = {6612160A-48AD-4D9C-842B-01961A58D5C0}
	EndGlobalSection
EndGlobal
