
Microsoft Visual Studio Solution File, Format Version 12.00
# Visual Studio Version 16
VisualStudioVersion = 16.0.30114.105
MinimumVisualStudioVersion = 10.0.40219.1
Project("{FAE04EC0-301F-11D3-BF4B-00C04F79EFBC}") = "Kujikatsu018", "Kujikatsu018\Kujikatsu018\Kujikatsu018.csproj", "{050E3923-2F00-4D21-B80F-66177D3C5B31}"
EndProject
Project("{FAE04EC0-301F-11D3-BF4B-00C04F79EFBC}") = "Kujikatsu018.Test", "Kujikatsu018\Kujikatsu018.Test\Kujikatsu018.Test.csproj", "{797A002C-602C-477B-BE0F-0AB08BB105DC}"
EndProject
Global
	GlobalSection(SolutionConfigurationPlatforms) = preSolution
		Debug|Any CPU = Debug|Any CPU
		Release|Any CPU = Release|Any CPU
	EndGlobalSection
	GlobalSection(ProjectConfigurationPlatforms) = postSolution
		{050E3923-2F00-4D21-B80F-66177D3C5B31}.Debug|Any CPU.ActiveCfg = Debug|Any CPU
		{050E3923-2F00-4D21-B80F-66177D3C5B31}.Debug|Any CPU.Build.0 = Debug|Any CPU
		{050E3923-2F00-4D21-B80F-66177D3C5B31}.Release|Any CPU.ActiveCfg = Release|Any CPU
		{050E3923-2F00-4D21-B80F-66177D3C5B31}.Release|Any CPU.Build.0 = Release|Any CPU
		{797A002C-602C-477B-BE0F-0AB08BB105DC}.Debug|Any CPU.ActiveCfg = Debug|Any CPU
		{797A002C-602C-477B-BE0F-0AB08BB105DC}.Debug|Any CPU.Build.0 = Debug|Any CPU
		{797A002C-602C-477B-BE0F-0AB08BB105DC}.Release|Any CPU.ActiveCfg = Release|Any CPU
		{797A002C-602C-477B-BE0F-0AB08BB105DC}.Release|Any CPU.Build.0 = Release|Any CPU
	EndGlobalSection
	GlobalSection(SolutionProperties) = preSolution
		HideSolutionNode = FALSE
	EndGlobalSection
	GlobalSection(ExtensibilityGlobals) = postSolution
		SolutionGuid = {E0F2162E-EB15-4F81-A9CA-AE93C19F187C}
	EndGlobalSection
EndGlobal
