
Microsoft Visual Studio Solution File, Format Version 12.00
# Visual Studio Version 16
VisualStudioVersion = 16.0.30114.105
MinimumVisualStudioVersion = 10.0.40219.1
Project("{FAE04EC0-301F-11D3-BF4B-00C04F79EFBC}") = "AtCoderRegularContest104", "AtCoderRegularContest104\AtCoderRegularContest104\AtCoderRegularContest104.csproj", "{2204DD5C-AF1C-4B16-8E22-0ACB9B78BEBF}"
EndProject
Project("{FAE04EC0-301F-11D3-BF4B-00C04F79EFBC}") = "AtCoderRegularContest104.Test", "AtCoderRegularContest104\AtCoderRegularContest104.Test\AtCoderRegularContest104.Test.csproj", "{EB9DB421-0138-4194-8A40-9952D04DEB3B}"
EndProject
Global
	GlobalSection(SolutionConfigurationPlatforms) = preSolution
		Debug|Any CPU = Debug|Any CPU
		Release|Any CPU = Release|Any CPU
	EndGlobalSection
	GlobalSection(ProjectConfigurationPlatforms) = postSolution
		{2204DD5C-AF1C-4B16-8E22-0ACB9B78BEBF}.Debug|Any CPU.ActiveCfg = Debug|Any CPU
		{2204DD5C-AF1C-4B16-8E22-0ACB9B78BEBF}.Debug|Any CPU.Build.0 = Debug|Any CPU
		{2204DD5C-AF1C-4B16-8E22-0ACB9B78BEBF}.Release|Any CPU.ActiveCfg = Release|Any CPU
		{2204DD5C-AF1C-4B16-8E22-0ACB9B78BEBF}.Release|Any CPU.Build.0 = Release|Any CPU
		{EB9DB421-0138-4194-8A40-9952D04DEB3B}.Debug|Any CPU.ActiveCfg = Debug|Any CPU
		{EB9DB421-0138-4194-8A40-9952D04DEB3B}.Debug|Any CPU.Build.0 = Debug|Any CPU
		{EB9DB421-0138-4194-8A40-9952D04DEB3B}.Release|Any CPU.ActiveCfg = Release|Any CPU
		{EB9DB421-0138-4194-8A40-9952D04DEB3B}.Release|Any CPU.Build.0 = Release|Any CPU
	EndGlobalSection
	GlobalSection(SolutionProperties) = preSolution
		HideSolutionNode = FALSE
	EndGlobalSection
	GlobalSection(ExtensibilityGlobals) = postSolution
		SolutionGuid = {454FCA54-B38B-457A-89DB-C881CA5096E8}
	EndGlobalSection
EndGlobal
