
Microsoft Visual Studio Solution File, Format Version 12.00
# Visual Studio Version 16
VisualStudioVersion = 16.0.30011.22
MinimumVisualStudioVersion = 10.0.40219.1
Project("{FAE04EC0-301F-11D3-BF4B-00C04F79EFBC}") = "AtCoderBeginnerContest135", "AtCoderBeginnerContest135\AtCoderBeginnerContest135\AtCoderBeginnerContest135.csproj", "{6C3CB3B4-F791-4DA8-A0FE-1D7DEB091435}"
EndProject
Project("{FAE04EC0-301F-11D3-BF4B-00C04F79EFBC}") = "AtCoderBeginnerContest135.Test", "AtCoderBeginnerContest135\AtCoderBeginnerContest135.Test\AtCoderBeginnerContest135.Test.csproj", "{B4F22A32-9E0E-420C-BCD3-B76B57B5E462}"
EndProject
Global
	GlobalSection(SolutionConfigurationPlatforms) = preSolution
		Debug|Any CPU = Debug|Any CPU
		Release|Any CPU = Release|Any CPU
	EndGlobalSection
	GlobalSection(ProjectConfigurationPlatforms) = postSolution
		{6C3CB3B4-F791-4DA8-A0FE-1D7DEB091435}.Debug|Any CPU.ActiveCfg = Debug|Any CPU
		{6C3CB3B4-F791-4DA8-A0FE-1D7DEB091435}.Debug|Any CPU.Build.0 = Debug|Any CPU
		{6C3CB3B4-F791-4DA8-A0FE-1D7DEB091435}.Release|Any CPU.ActiveCfg = Release|Any CPU
		{6C3CB3B4-F791-4DA8-A0FE-1D7DEB091435}.Release|Any CPU.Build.0 = Release|Any CPU
		{B4F22A32-9E0E-420C-BCD3-B76B57B5E462}.Debug|Any CPU.ActiveCfg = Debug|Any CPU
		{B4F22A32-9E0E-420C-BCD3-B76B57B5E462}.Debug|Any CPU.Build.0 = Debug|Any CPU
		{B4F22A32-9E0E-420C-BCD3-B76B57B5E462}.Release|Any CPU.ActiveCfg = Release|Any CPU
		{B4F22A32-9E0E-420C-BCD3-B76B57B5E462}.Release|Any CPU.Build.0 = Release|Any CPU
	EndGlobalSection
	GlobalSection(SolutionProperties) = preSolution
		HideSolutionNode = FALSE
	EndGlobalSection
	GlobalSection(ExtensibilityGlobals) = postSolution
		SolutionGuid = {14CEDEC3-0CCE-4938-9E56-E80DB6643DF6}
	EndGlobalSection
EndGlobal
