
Microsoft Visual Studio Solution File, Format Version 12.00
# Visual Studio Version 16
VisualStudioVersion = 16.0.30002.166
MinimumVisualStudioVersion = 10.0.40219.1
Project("{FAE04EC0-301F-11D3-BF4B-00C04F79EFBC}") = "AtCoderBeginnerContest157", "AtCoderBeginnerContest157\AtCoderBeginnerContest157\AtCoderBeginnerContest157.csproj", "{F8FFA5EB-E7DC-4F01-A100-E50976361C6E}"
EndProject
Project("{FAE04EC0-301F-11D3-BF4B-00C04F79EFBC}") = "AtCoderBeginnerContest157.Test", "AtCoderBeginnerContest157\AtCoderBeginnerContest157.Test\AtCoderBeginnerContest157.Test.csproj", "{3899E701-ED3C-4EF9-B854-0BBA64912FD6}"
EndProject
Global
	GlobalSection(SolutionConfigurationPlatforms) = preSolution
		Debug|Any CPU = Debug|Any CPU
		Release|Any CPU = Release|Any CPU
	EndGlobalSection
	GlobalSection(ProjectConfigurationPlatforms) = postSolution
		{F8FFA5EB-E7DC-4F01-A100-E50976361C6E}.Debug|Any CPU.ActiveCfg = Debug|Any CPU
		{F8FFA5EB-E7DC-4F01-A100-E50976361C6E}.Debug|Any CPU.Build.0 = Debug|Any CPU
		{F8FFA5EB-E7DC-4F01-A100-E50976361C6E}.Release|Any CPU.ActiveCfg = Release|Any CPU
		{F8FFA5EB-E7DC-4F01-A100-E50976361C6E}.Release|Any CPU.Build.0 = Release|Any CPU
		{3899E701-ED3C-4EF9-B854-0BBA64912FD6}.Debug|Any CPU.ActiveCfg = Debug|Any CPU
		{3899E701-ED3C-4EF9-B854-0BBA64912FD6}.Debug|Any CPU.Build.0 = Debug|Any CPU
		{3899E701-ED3C-4EF9-B854-0BBA64912FD6}.Release|Any CPU.ActiveCfg = Release|Any CPU
		{3899E701-ED3C-4EF9-B854-0BBA64912FD6}.Release|Any CPU.Build.0 = Release|Any CPU
	EndGlobalSection
	GlobalSection(SolutionProperties) = preSolution
		HideSolutionNode = FALSE
	EndGlobalSection
	GlobalSection(ExtensibilityGlobals) = postSolution
		SolutionGuid = {8F071292-F34C-4100-BD40-166781E7C644}
	EndGlobalSection
EndGlobal
