
Microsoft Visual Studio Solution File, Format Version 12.00
# Visual Studio Version 16
VisualStudioVersion = 16.0.30011.22
MinimumVisualStudioVersion = 10.0.40219.1
Project("{FAE04EC0-301F-11D3-BF4B-00C04F79EFBC}") = "Yorukatsu042", "Yorukatsu042\Yorukatsu042\Yorukatsu042.csproj", "{64A77F0D-A998-4A50-A1B8-EEEE7933D4F3}"
EndProject
Project("{FAE04EC0-301F-11D3-BF4B-00C04F79EFBC}") = "Yorukatsu042.Test", "Yorukatsu042\Yorukatsu042.Test\Yorukatsu042.Test.csproj", "{079530FF-B5EB-444B-AA9B-00AE10353B4C}"
EndProject
Global
	GlobalSection(SolutionConfigurationPlatforms) = preSolution
		Debug|Any CPU = Debug|Any CPU
		Release|Any CPU = Release|Any CPU
	EndGlobalSection
	GlobalSection(ProjectConfigurationPlatforms) = postSolution
		{64A77F0D-A998-4A50-A1B8-EEEE7933D4F3}.Debug|Any CPU.ActiveCfg = Debug|Any CPU
		{64A77F0D-A998-4A50-A1B8-EEEE7933D4F3}.Debug|Any CPU.Build.0 = Debug|Any CPU
		{64A77F0D-A998-4A50-A1B8-EEEE7933D4F3}.Release|Any CPU.ActiveCfg = Release|Any CPU
		{64A77F0D-A998-4A50-A1B8-EEEE7933D4F3}.Release|Any CPU.Build.0 = Release|Any CPU
		{079530FF-B5EB-444B-AA9B-00AE10353B4C}.Debug|Any CPU.ActiveCfg = Debug|Any CPU
		{079530FF-B5EB-444B-AA9B-00AE10353B4C}.Debug|Any CPU.Build.0 = Debug|Any CPU
		{079530FF-B5EB-444B-AA9B-00AE10353B4C}.Release|Any CPU.ActiveCfg = Release|Any CPU
		{079530FF-B5EB-444B-AA9B-00AE10353B4C}.Release|Any CPU.Build.0 = Release|Any CPU
	EndGlobalSection
	GlobalSection(SolutionProperties) = preSolution
		HideSolutionNode = FALSE
	EndGlobalSection
	GlobalSection(ExtensibilityGlobals) = postSolution
		SolutionGuid = {742B562B-E189-4EBD-ADC3-CF0DF70B11D6}
	EndGlobalSection
EndGlobal
