
Microsoft Visual Studio Solution File, Format Version 12.00
# Visual Studio Version 16
VisualStudioVersion = 16.0.30114.105
MinimumVisualStudioVersion = 10.0.40219.1
Project("{FAE04EC0-301F-11D3-BF4B-00C04F79EFBC}") = "TestCaseGenerator", "TestCaseGenerator\TestCaseGenerator.csproj", "{C43A7DD4-5EFA-4079-818B-F53DC667B42E}"
EndProject
Global
	GlobalSection(SolutionConfigurationPlatforms) = preSolution
		Debug|Any CPU = Debug|Any CPU
		Release|Any CPU = Release|Any CPU
	EndGlobalSection
	GlobalSection(ProjectConfigurationPlatforms) = postSolution
		{C43A7DD4-5EFA-4079-818B-F53DC667B42E}.Debug|Any CPU.ActiveCfg = Debug|Any CPU
		{C43A7DD4-5EFA-4079-818B-F53DC667B42E}.Debug|Any CPU.Build.0 = Debug|Any CPU
		{C43A7DD4-5EFA-4079-818B-F53DC667B42E}.Release|Any CPU.ActiveCfg = Release|Any CPU
		{C43A7DD4-5EFA-4079-818B-F53DC667B42E}.Release|Any CPU.Build.0 = Release|Any CPU
	EndGlobalSection
	GlobalSection(SolutionProperties) = preSolution
		HideSolutionNode = FALSE
	EndGlobalSection
	GlobalSection(ExtensibilityGlobals) = postSolution
		SolutionGuid = {83019263-2B16-42DE-80B7-F23F1EDBE27F}
	EndGlobalSection
EndGlobal
