
Microsoft Visual Studio Solution File, Format Version 12.00
# Visual Studio Version 16
VisualStudioVersion = 16.0.30114.105
MinimumVisualStudioVersion = 10.0.40219.1
Project("{FAE04EC0-301F-11D3-BF4B-00C04F79EFBC}") = "Training20200904", "Training20200904\Training20200904\Training20200904.csproj", "{99E277E1-D8A3-4FFF-A7CF-0BD6D1407FB6}"
EndProject
Project("{FAE04EC0-301F-11D3-BF4B-00C04F79EFBC}") = "Training20200904.Test", "Training20200904\Training20200904.Test\Training20200904.Test.csproj", "{A9A9BAEE-F801-4EB4-9BD4-B70B37B77D3A}"
EndProject
Global
	GlobalSection(SolutionConfigurationPlatforms) = preSolution
		Debug|Any CPU = Debug|Any CPU
		Release|Any CPU = Release|Any CPU
	EndGlobalSection
	GlobalSection(ProjectConfigurationPlatforms) = postSolution
		{99E277E1-D8A3-4FFF-A7CF-0BD6D1407FB6}.Debug|Any CPU.ActiveCfg = Debug|Any CPU
		{99E277E1-D8A3-4FFF-A7CF-0BD6D1407FB6}.Debug|Any CPU.Build.0 = Debug|Any CPU
		{99E277E1-D8A3-4FFF-A7CF-0BD6D1407FB6}.Release|Any CPU.ActiveCfg = Release|Any CPU
		{99E277E1-D8A3-4FFF-A7CF-0BD6D1407FB6}.Release|Any CPU.Build.0 = Release|Any CPU
		{A9A9BAEE-F801-4EB4-9BD4-B70B37B77D3A}.Debug|Any CPU.ActiveCfg = Debug|Any CPU
		{A9A9BAEE-F801-4EB4-9BD4-B70B37B77D3A}.Debug|Any CPU.Build.0 = Debug|Any CPU
		{A9A9BAEE-F801-4EB4-9BD4-B70B37B77D3A}.Release|Any CPU.ActiveCfg = Release|Any CPU
		{A9A9BAEE-F801-4EB4-9BD4-B70B37B77D3A}.Release|Any CPU.Build.0 = Release|Any CPU
	EndGlobalSection
	GlobalSection(SolutionProperties) = preSolution
		HideSolutionNode = FALSE
	EndGlobalSection
	GlobalSection(ExtensibilityGlobals) = postSolution
		SolutionGuid = {D21445E2-9BA2-4BAF-A1BB-0503F1C2758C}
	EndGlobalSection
EndGlobal
