
Microsoft Visual Studio Solution File, Format Version 12.00
# Visual Studio Version 16
VisualStudioVersion = 16.0.30114.105
MinimumVisualStudioVersion = 10.0.40219.1
Project("{FAE04EC0-301F-11D3-BF4B-00C04F79EFBC}") = "Kujikatsu053", "Kujikatsu053\Kujikatsu053\Kujikatsu053.csproj", "{FC0F0205-6E4B-4C96-A636-53960E9BA2C6}"
EndProject
Project("{FAE04EC0-301F-11D3-BF4B-00C04F79EFBC}") = "Kujikatsu053.Test", "Kujikatsu053\Kujikatsu053.Test\Kujikatsu053.Test.csproj", "{269A8AAB-CFFF-45C7-A3B1-5EF32BB199AF}"
EndProject
Global
	GlobalSection(SolutionConfigurationPlatforms) = preSolution
		Debug|Any CPU = Debug|Any CPU
		Release|Any CPU = Release|Any CPU
	EndGlobalSection
	GlobalSection(ProjectConfigurationPlatforms) = postSolution
		{FC0F0205-6E4B-4C96-A636-53960E9BA2C6}.Debug|Any CPU.ActiveCfg = Debug|Any CPU
		{FC0F0205-6E4B-4C96-A636-53960E9BA2C6}.Debug|Any CPU.Build.0 = Debug|Any CPU
		{FC0F0205-6E4B-4C96-A636-53960E9BA2C6}.Release|Any CPU.ActiveCfg = Release|Any CPU
		{FC0F0205-6E4B-4C96-A636-53960E9BA2C6}.Release|Any CPU.Build.0 = Release|Any CPU
		{269A8AAB-CFFF-45C7-A3B1-5EF32BB199AF}.Debug|Any CPU.ActiveCfg = Debug|Any CPU
		{269A8AAB-CFFF-45C7-A3B1-5EF32BB199AF}.Debug|Any CPU.Build.0 = Debug|Any CPU
		{269A8AAB-CFFF-45C7-A3B1-5EF32BB199AF}.Release|Any CPU.ActiveCfg = Release|Any CPU
		{269A8AAB-CFFF-45C7-A3B1-5EF32BB199AF}.Release|Any CPU.Build.0 = Release|Any CPU
	EndGlobalSection
	GlobalSection(SolutionProperties) = preSolution
		HideSolutionNode = FALSE
	EndGlobalSection
	GlobalSection(ExtensibilityGlobals) = postSolution
		SolutionGuid = {8C0ECDBD-6D8E-4532-8DAB-4AF75544179A}
	EndGlobalSection
EndGlobal
